<?xml version="1.0" encoding="utf-8"?>
<Project ToolsVersion="4.0" xmlns="http://schemas.microsoft.com/developer/msbuild/2003">
  <ItemGroup>
    <ClCompile Include="..\..\Common\Assert.cpp" />
    <ClCompile Include="BalanceItem.cpp" />
    <ClCompile Include="BalanceItemDelegate.cpp" />
    <ClCompile Include="BalanceListModel.cpp" />
    <ClCompile Include="BalanceListView.cpp" />
    <ClCompile Include="DropCopy.cpp" />
    <ClCompile Include="Engine.cpp" />
    <ClCompile Include="GeneratedFiles\Debug Standalone\moc_ItemDelegate.cpp" />
    <ClCompile Include="GeneratedFiles\Debug Standalone\moc_OperationItemDelegate.cpp" />
    <ClCompile Include="GeneratedFiles\Debug Standalone\moc_SecurityListView.cpp" />
    <ClCompile Include="GeneratedFiles\Debug Standalone\moc_SourcePropertiesDialog.cpp" />
    <ClCompile Include="GeneratedFiles\Debug Standalone\moc_SourcesListWidget.cpp" />
    <ClCompile Include="GeneratedFiles\Debug Standalone\moc_SymbolDialog.cpp" />
    <ClCompile Include="GeneratedFiles\Debug Standalone\moc_TotalResultsReportSettingsWidget.cpp" />
    <ClCompile Include="GeneratedFiles\Debug Standalone\moc_TotalResultsReportView.cpp" />
    <ClCompile Include="GeneratedFiles\Orm\OperationRecord-odb.cxx" />
    <ClCompile Include="GeneratedFiles\Orm\OrderRecord-odb.cxx" />
    <ClCompile Include="GeneratedFiles\Orm\PnlRecord-odb.cxx" />
    <ClCompile Include="GeneratedFiles\Orm\StrategyInstanceRecord-odb.cxx" />
    <ClCompile Include="GeneratedFiles\Release Standalone\moc_ItemDelegate.cpp" />
    <ClCompile Include="GeneratedFiles\Release Standalone\moc_OperationItemDelegate.cpp" />
    <ClCompile Include="GeneratedFiles\Release Standalone\moc_SecurityListView.cpp" />
    <ClCompile Include="GeneratedFiles\Release Standalone\moc_SourcePropertiesDialog.cpp" />
    <ClCompile Include="GeneratedFiles\Release Standalone\moc_SourcesListWidget.cpp" />
    <ClCompile Include="GeneratedFiles\Release Standalone\moc_SymbolDialog.cpp" />
    <ClCompile Include="GeneratedFiles\Release Standalone\moc_TotalResultsReportSettingsWidget.cpp" />
    <ClCompile Include="GeneratedFiles\Release Standalone\moc_TotalResultsReportView.cpp" />
    <ClCompile Include="GeneratedFiles\Test Standalone\moc_ItemDelegate.cpp" />
    <ClCompile Include="GeneratedFiles\Test Standalone\moc_OperationItemDelegate.cpp" />
    <ClCompile Include="GeneratedFiles\Test Standalone\moc_SecurityListView.cpp" />
    <ClCompile Include="GeneratedFiles\Test Standalone\moc_SourcePropertiesDialog.cpp" />
    <ClCompile Include="GeneratedFiles\Test Standalone\moc_SourcesListWidget.cpp" />
    <ClCompile Include="GeneratedFiles\Test Standalone\moc_SymbolDialog.cpp" />
    <ClCompile Include="GeneratedFiles\Test Standalone\moc_TotalResultsReportSettingsWidget.cpp" />
    <ClCompile Include="GeneratedFiles\Test Standalone\moc_TotalResultsReportView.cpp" />
    <ClCompile Include="ItemDelegate.cpp" />
    <ClCompile Include="OperationItemDelegate.cpp" />
    <ClCompile Include="SecurityListView.cpp" />
    <ClCompile Include="SourcePropertiesDialog.cpp" />
    <ClCompile Include="SourcesListWidget.cpp" />
    <ClCompile Include="SymbolDialog.cpp" />
    <ClCompile Include="TotalResultsReportModel.cpp" />
    <ClCompile Include="TotalResultsReportSettingsWidget.cpp" />
    <ClCompile Include="TotalResultsReportView.cpp" />
    <ClCompile Include="GeneratedFiles\Debug Standalone\moc_BalanceItemDelegate.cpp" />
    <ClCompile Include="GeneratedFiles\Debug Standalone\moc_BalanceListModel.cpp" />
    <ClCompile Include="GeneratedFiles\Debug Standalone\moc_BalanceListView.cpp" />
    <ClCompile Include="GeneratedFiles\Debug Standalone\moc_DropCopy.cpp" />
    <ClCompile Include="GeneratedFiles\Debug Standalone\moc_Engine.cpp" />
    <ClCompile Include="GeneratedFiles\Debug Standalone\moc_OperationListModel.cpp" />
    <ClCompile Include="GeneratedFiles\Debug Standalone\moc_OperationListSettingsWidget.cpp" />
    <ClCompile Include="GeneratedFiles\Debug Standalone\moc_OperationListView.cpp" />
    <ClCompile Include="GeneratedFiles\Debug Standalone\moc_OrderListModel.cpp" />
    <ClCompile Include="GeneratedFiles\Debug Standalone\moc_OrderListView.cpp" />
    <ClCompile Include="GeneratedFiles\Debug Standalone\moc_SecurityListModel.cpp" />
    <ClCompile Include="GeneratedFiles\Debug Standalone\moc_SortFilterProxyModel.cpp" />
    <ClCompile Include="GeneratedFiles\Debug Standalone\moc_SymbolSelectionDialog.cpp" />
    <ClCompile Include="GeneratedFiles\Debug Standalone\moc_TotalResultsReportModel.cpp" />
    <ClCompile Include="GeneratedFiles\qrc_style.cpp" />
    <ClCompile Include="GeneratedFiles\Release Standalone\moc_BalanceItemDelegate.cpp" />
    <ClCompile Include="GeneratedFiles\Release Standalone\moc_BalanceListModel.cpp" />
    <ClCompile Include="GeneratedFiles\Release Standalone\moc_BalanceListView.cpp" />
    <ClCompile Include="GeneratedFiles\Release Standalone\moc_DropCopy.cpp" />
    <ClCompile Include="GeneratedFiles\Release Standalone\moc_Engine.cpp" />
    <ClCompile Include="GeneratedFiles\Release Standalone\moc_OperationListModel.cpp" />
    <ClCompile Include="GeneratedFiles\Release Standalone\moc_OperationListSettingsWidget.cpp" />
    <ClCompile Include="GeneratedFiles\Release Standalone\moc_OperationListView.cpp" />
    <ClCompile Include="GeneratedFiles\Release Standalone\moc_OrderListModel.cpp" />
    <ClCompile Include="GeneratedFiles\Release Standalone\moc_OrderListView.cpp" />
    <ClCompile Include="GeneratedFiles\Release Standalone\moc_SecurityListModel.cpp" />
    <ClCompile Include="GeneratedFiles\Release Standalone\moc_SortFilterProxyModel.cpp" />
    <ClCompile Include="GeneratedFiles\Release Standalone\moc_SymbolSelectionDialog.cpp" />
    <ClCompile Include="GeneratedFiles\Release Standalone\moc_TotalResultsReportModel.cpp" />
    <ClCompile Include="GeneratedFiles\Test Standalone\moc_BalanceItemDelegate.cpp" />
    <ClCompile Include="GeneratedFiles\Test Standalone\moc_BalanceListModel.cpp" />
    <ClCompile Include="GeneratedFiles\Test Standalone\moc_BalanceListView.cpp" />
    <ClCompile Include="GeneratedFiles\Test Standalone\moc_DropCopy.cpp" />
    <ClCompile Include="GeneratedFiles\Test Standalone\moc_Engine.cpp" />
    <ClCompile Include="GeneratedFiles\Test Standalone\moc_OperationListModel.cpp" />
    <ClCompile Include="GeneratedFiles\Test Standalone\moc_OperationListSettingsWidget.cpp" />
    <ClCompile Include="GeneratedFiles\Test Standalone\moc_OperationListView.cpp" />
    <ClCompile Include="GeneratedFiles\Test Standalone\moc_OrderListModel.cpp" />
    <ClCompile Include="GeneratedFiles\Test Standalone\moc_OrderListView.cpp" />
    <ClCompile Include="GeneratedFiles\Test Standalone\moc_SecurityListModel.cpp" />
    <ClCompile Include="GeneratedFiles\Test Standalone\moc_SortFilterProxyModel.cpp" />
    <ClCompile Include="GeneratedFiles\Test Standalone\moc_SymbolSelectionDialog.cpp" />
    <ClCompile Include="GeneratedFiles\Test Standalone\moc_TotalResultsReportModel.cpp" />
    <ClCompile Include="OperationItem.cpp" />
    <ClCompile Include="OperationListModel.cpp" />
    <ClCompile Include="OperationListSettingsWidget.cpp" />
    <ClCompile Include="OperationListView.cpp" />
    <ClCompile Include="OrderListModel.cpp" />
    <ClCompile Include="OrderListView.cpp" />
    <ClCompile Include="OrderStatusNotifier.cpp" />
    <ClCompile Include="SecurityListModel.cpp" />
    <ClCompile Include="SortFilterProxyModel.cpp" />
    <ClCompile Include="SymbolSelectionDialog.cpp" />
    <ClCompile Include="Util.cpp" />
    <ClCompile Include="Style.cpp" />
    <ClCompile Include="Version.cpp" />
    <ClCompile Include="Prec.cpp" />
    <ClCompile Include="OrderRecord.cpp">
      <Filter>Source Files</Filter>
    </ClCompile>
    <ClCompile Include="PnlRecord.cpp">
      <Filter>Source Files</Filter>
    </ClCompile>
    <ClCompile Include="OperationRecord.cpp">
      <Filter>Source Files</Filter>
    </ClCompile>
    <ClCompile Include="StrategyInstanceRecord.cpp">
      <Filter>Source Files</Filter>
    </ClCompile>
    <ClCompile Include="GeneratedFiles\Orm\StrategyInstanceViews-odb.cxx">
      <Filter>Source Files</Filter>
    </ClCompile>
    <ClCompile Include="I18n.cpp">
      <Filter>Source Files</Filter>
    </ClCompile>
    <ClCompile Include="OrderWindow.cpp">
      <Filter>Source Files</Filter>
    </ClCompile>
    <ClCompile Include="GeneratedFiles\Debug Standalone\moc_OrderWindow.cpp">
      <Filter>Generated Files\Debug Standalone</Filter>
    </ClCompile>
    <ClCompile Include="GeneratedFiles\Test Standalone\moc_OrderWindow.cpp">
      <Filter>Generated Files\Test Standalone</Filter>
    </ClCompile>
    <ClCompile Include="GeneratedFiles\Release Standalone\moc_OrderWindow.cpp">
      <Filter>Generated Files\Release Standalone</Filter>
    </ClCompile>
  </ItemGroup>
  <ItemGroup>
    <ClInclude Include="Adapters.hpp" />
    <ClInclude Include="BalanceItem.hpp" />
    <ClInclude Include="Common.hpp" />
    <ClInclude Include="Fwd.hpp" />
    <ClInclude Include="GeneratedFiles\Orm\OperationRecord-odb.hxx" />
    <ClInclude Include="GeneratedFiles\Orm\OrderRecord-odb.hxx" />
    <ClInclude Include="GeneratedFiles\Orm\PnlRecord-odb.hxx" />
    <ClInclude Include="GeneratedFiles\Orm\StrategyInstanceRecord-odb.hxx" />
    <ClInclude Include="GeneratedFiles\ui_OperationListSettingsWidget.h" />
    <ClInclude Include="GeneratedFiles\ui_SourcePropertiesDialog.h" />
    <ClInclude Include="GeneratedFiles\ui_SourcesListWidget.h" />
    <ClInclude Include="GeneratedFiles\ui_SymbolDialog.h" />
    <ClInclude Include="GeneratedFiles\ui_SymbolSelectionDialog.h" />
    <ClInclude Include="GeneratedFiles\ui_TotalResultsReportSettingsWidget.h" />
    <ClInclude Include="ModuleApi.hpp" />
    <ClInclude Include="OdbPrologue.hpp" />
    <ClInclude Include="OperationItem.hpp" />
    <ClInclude Include="OperationStatus.hpp" />
    <ClInclude Include="Types.hpp" />
    <ClInclude Include="Util.hpp" />
    <ClInclude Include="Prec.hpp" />
    <ClInclude Include="Api.h" />
    <ClInclude Include="Std.hpp" />
    <ClInclude Include="Style.hpp" />
    <ClInclude Include="GeneratedFiles\Orm\StrategyInstanceViews-odb.hxx">
      <Filter>Header Files</Filter>
    </ClInclude>
    <ClInclude Include="OperationOrm.hpp">
      <Filter>Header Files</Filter>
    </ClInclude>
    <ClInclude Include="OrderOrm.hpp">
      <Filter>Header Files</Filter>
    </ClInclude>
    <ClInclude Include="PnlOrm.hpp">
      <Filter>Header Files</Filter>
    </ClInclude>
    <ClInclude Include="StrategyInstanceOrm.hpp">
      <Filter>Header Files</Filter>
    </ClInclude>
    <ClInclude Include="I18n.hpp">
      <Filter>Header Files</Filter>
    </ClInclude>
  </ItemGroup>
  <ItemGroup>
    <CustomBuild Include="Engine.hpp" />
    <CustomBuild Include="DropCopy.hpp" />
    <CustomBuild Include="BalanceListModel.hpp" />
    <CustomBuild Include="BalanceListView.hpp" />
    <CustomBuild Include="BalanceItemDelegate.hpp" />
    <CustomBuild Include="TotalResultsReportModel.hpp" />
    <CustomBuild Include="TotalResultsReportSettingsWidget.hpp" />
    <CustomBuild Include="SecurityListModel.hpp" />
    <CustomBuild Include="OrderListModel.hpp" />
    <CustomBuild Include="OrderListView.hpp" />
    <CustomBuild Include="SortFilterProxyModel.hpp" />
    <CustomBuild Include="OrderStatusNotifier.hpp" />
    <CustomBuild Include="OperationListModel.hpp" />
    <CustomBuild Include="OperationListView.hpp" />
    <CustomBuild Include="ItemDelegate.hpp" />
    <CustomBuild Include="OperationRecord.hpp" />
    <CustomBuild Include="OperationListSettingsWidget.hpp" />
    <CustomBuild Include="OperationItemDelegate.hpp" />
    <CustomBuild Include="OrderRecord.hpp" />
    <CustomBuild Include="SymbolSelectionDialog.hpp" />
    <CustomBuild Include="TotalResultsReportView.hpp" />
    <CustomBuild Include="SourcesListWidget.hpp" />
    <CustomBuild Include="SourcePropertiesDialog.hpp" />
    <CustomBuild Include="SymbolDialog.hpp" />
    <CustomBuild Include="SecurityListView.hpp" />
    <CustomBuild Include="PnlRecord.hpp" />
    <CustomBuild Include="StrategyInstanceRecord.hpp" />
    <CustomBuild Include="FrontEndLib.qrc" />
    <CustomBuild Include="Resources\qdarkstyle\style.qrc" />
    <CustomBuild Include="TotalResultsReportSettingsWidget.ui" />
    <CustomBuild Include="OperationListSettingsWidget.ui" />
    <CustomBuild Include="SymbolSelectionDialog.ui" />
    <CustomBuild Include="SourcesListWidget.ui" />
    <CustomBuild Include="SourcePropertiesDialog.ui" />
    <CustomBuild Include="SymbolDialog.ui" />
    <CustomBuild Include="StrategyInstanceViews.hpp" />
  </ItemGroup>
  <ItemGroup>
    <ResourceCompile Include="Resources\FrontEndLib.rc" />
  </ItemGroup>
  <ItemGroup>
    <Image Include="Resources\qdarkstyle\rc\branch_closed-on.png" />
    <Image Include="Resources\qdarkstyle\rc\branch_closed.png" />
    <Image Include="Resources\qdarkstyle\rc\branch_open-on.png" />
    <Image Include="Resources\qdarkstyle\rc\branch_open.png" />
    <Image Include="Resources\qdarkstyle\rc\checkbox_checked.png" />
    <Image Include="Resources\qdarkstyle\rc\checkbox_checked_disabled.png" />
    <Image Include="Resources\qdarkstyle\rc\checkbox_checked_focus.png" />
    <Image Include="Resources\qdarkstyle\rc\checkbox_indeterminate.png" />
    <Image Include="Resources\qdarkstyle\rc\checkbox_indeterminate_disabled.png" />
    <Image Include="Resources\qdarkstyle\rc\checkbox_indeterminate_focus.png" />
    <Image Include="Resources\qdarkstyle\rc\checkbox_unchecked.png" />
    <Image Include="Resources\qdarkstyle\rc\checkbox_unchecked_disabled.png" />
    <Image Include="Resources\qdarkstyle\rc\checkbox_unchecked_focus.png" />
    <Image Include="Resources\qdarkstyle\rc\close-hover.png" />
    <Image Include="Resources\qdarkstyle\rc\close-pressed.png" />
    <Image Include="Resources\qdarkstyle\rc\close.png" />
    <Image Include="Resources\qdarkstyle\rc\down_arrow.png" />
    <Image Include="Resources\qdarkstyle\rc\down_arrow_disabled.png" />
    <Image Include="Resources\qdarkstyle\rc\Hmovetoolbar.png" />
    <Image Include="Resources\qdarkstyle\rc\Hsepartoolbar.png" />
    <Image Include="Resources\qdarkstyle\rc\left_arrow.png" />
    <Image Include="Resources\qdarkstyle\rc\left_arrow_disabled.png" />
    <Image Include="Resources\qdarkstyle\rc\radio_checked.png" />
    <Image Include="Resources\qdarkstyle\rc\radio_checked_disabled.png" />
    <Image Include="Resources\qdarkstyle\rc\radio_checked_focus.png" />
    <Image Include="Resources\qdarkstyle\rc\radio_unchecked.png" />
    <Image Include="Resources\qdarkstyle\rc\radio_unchecked_disabled.png" />
    <Image Include="Resources\qdarkstyle\rc\radio_unchecked_focus.png" />
    <Image Include="Resources\qdarkstyle\rc\right_arrow.png" />
    <Image Include="Resources\qdarkstyle\rc\right_arrow_disabled.png" />
    <Image Include="Resources\qdarkstyle\rc\sizegrip.png" />
    <Image Include="Resources\qdarkstyle\rc\stylesheet-branch-end.png" />
    <Image Include="Resources\qdarkstyle\rc\stylesheet-branch-more.png" />
    <Image Include="Resources\qdarkstyle\rc\stylesheet-vline.png" />
    <Image Include="Resources\qdarkstyle\rc\transparent.png" />
    <Image Include="Resources\qdarkstyle\rc\undock.png" />
    <Image Include="Resources\qdarkstyle\rc\up_arrow.png" />
    <Image Include="Resources\qdarkstyle\rc\up_arrow_disabled.png" />
    <Image Include="Resources\qdarkstyle\rc\Vmovetoolbar.png" />
    <Image Include="Resources\qdarkstyle\rc\Vsepartoolbar.png" />
  </ItemGroup>
  <ItemGroup>
    <None Include="GeneratedFiles\Orm\OperationRecord-odb.ixx" />
    <None Include="GeneratedFiles\Orm\OrderRecord-odb.ixx" />
    <None Include="GeneratedFiles\Orm\PnlRecord-odb.ixx" />
    <None Include="GeneratedFiles\Orm\StrategyInstanceRecord-odb.ixx" />
    <None Include="odb.cmd" />
    <None Include="Resources\qdarkstyle\style.qss" />
    <None Include="GeneratedFiles\Orm\StrategyInstanceViews-odb.ixx" />
  </ItemGroup>
  <ItemGroup>
    <Filter Include="Source Files">
      <UniqueIdentifier>{4FC737F1-C7A5-4376-A066-2A32D752A2FF}</UniqueIdentifier>
      <Extensions>cpp;cxx;c;def</Extensions>
      <ParseFiles>true</ParseFiles>
    </Filter>
    <Filter Include="Header Files">
      <UniqueIdentifier>{93995380-89BD-4b04-88EB-625FBE52EBFB}</UniqueIdentifier>
      <Extensions>h</Extensions>
      <ParseFiles>true</ParseFiles>
    </Filter>
  </ItemGroup>
</Project>