<?xml version="1.0" encoding="utf-8"?>
<Project ToolsVersion="4.0" xmlns="http://schemas.microsoft.com/developer/msbuild/2003">
  <ItemGroup>
    <Filter Include="Source Files">
      <UniqueIdentifier>{4FC737F1-C7A5-4376-A066-2A32D752A2FF}</UniqueIdentifier>
      <Extensions>cpp;c;cc;cxx;def;odl;idl;hpj;bat;asm;asmx</Extensions>
    </Filter>
    <Filter Include="Header Files">
      <UniqueIdentifier>{93995380-89BD-4b04-88EB-625FBE52EBFB}</UniqueIdentifier>
      <Extensions>h;hpp;hxx;hm;inl;inc;xsd</Extensions>
    </Filter>
  </ItemGroup>
  <ItemGroup>
    <ClCompile Include="Log.cpp">
      <Filter>Source Files</Filter>
    </ClCompile>
    <ClCompile Include="Prec.cpp">
      <Filter>Source Files</Filter>
    </ClCompile>
    <ClCompile Include="Security.cpp">
      <Filter>Source Files</Filter>
    </ClCompile>
    <ClCompile Include="Position.cpp">
      <Filter>Source Files</Filter>
    </ClCompile>
    <ClCompile Include="PositionBundle.cpp">
      <Filter>Source Files</Filter>
    </ClCompile>
    <ClCompile Include="Settings.cpp">
      <Filter>Source Files</Filter>
    </ClCompile>
    <ClCompile Include="MarketDataSource.cpp">
      <Filter>Source Files</Filter>
    </ClCompile>
    <ClCompile Include="TradeSystem.cpp">
      <Filter>Source Files</Filter>
    </ClCompile>
    <ClCompile Include="PositionReporter.cpp">
      <Filter>Source Files</Filter>
    </ClCompile>
    <ClCompile Include="Observer.cpp">
      <Filter>Source Files</Filter>
    </ClCompile>
    <ClCompile Include="Module.cpp">
      <Filter>Source Files</Filter>
    </ClCompile>
    <ClCompile Include="Strategy.cpp">
      <Filter>Source Files</Filter>
    </ClCompile>
    <ClCompile Include="StrategyPositionState.cpp">
      <Filter>Source Files</Filter>
    </ClCompile>
    <ClCompile Include="Service.cpp">
      <Filter>Source Files</Filter>
    </ClCompile>
    <ClCompile Include="SecurityAlgo.cpp">
      <Filter>Source Files</Filter>
    </ClCompile>
  </ItemGroup>
  <ItemGroup>
    <ClInclude Include="Log.hpp">
      <Filter>Header Files</Filter>
    </ClInclude>
    <ClInclude Include="TradeSystem.hpp">
      <Filter>Header Files</Filter>
    </ClInclude>
    <ClInclude Include="Prec.hpp">
      <Filter>Header Files</Filter>
    </ClInclude>
    <ClInclude Include="Security.hpp">
      <Filter>Header Files</Filter>
    </ClInclude>
    <ClInclude Include="Instrument.hpp">
      <Filter>Header Files</Filter>
    </ClInclude>
    <ClInclude Include="Position.hpp">
      <Filter>Header Files</Filter>
    </ClInclude>
    <ClInclude Include="PositionBundle.hpp">
      <Filter>Header Files</Filter>
    </ClInclude>
    <ClInclude Include="PositionReporter.hpp">
      <Filter>Header Files</Filter>
    </ClInclude>
    <ClInclude Include="Settings.hpp">
      <Filter>Header Files</Filter>
    </ClInclude>
    <ClInclude Include="MarketDataSource.hpp">
      <Filter>Header Files</Filter>
    </ClInclude>
    <ClInclude Include="Api.h">
      <Filter>Header Files</Filter>
    </ClInclude>
    <ClInclude Include="Fwd.hpp">
      <Filter>Header Files</Filter>
    </ClInclude>
    <ClInclude Include="Observer.hpp">
      <Filter>Header Files</Filter>
    </ClInclude>
    <ClInclude Include="Module.hpp">
      <Filter>Header Files</Filter>
    </ClInclude>
    <ClInclude Include="Strategy.hpp">
      <Filter>Header Files</Filter>
    </ClInclude>
    <ClInclude Include="StrategyPositionState.hpp">
      <Filter>Header Files</Filter>
    </ClInclude>
    <ClInclude Include="StrategyPositionReporter.hpp">
      <Filter>Header Files</Filter>
    </ClInclude>
    <ClInclude Include="Service.hpp">
      <Filter>Header Files</Filter>
    </ClInclude>
    <ClInclude Include="SecurityAlgo.hpp">
      <Filter>Header Files</Filter>
    </ClInclude>
    <ClInclude Include="SettingsReport.hpp">
      <Filter>Header Files</Filter>
    </ClInclude>
  </ItemGroup>
</Project>