
Microsoft Visual Studio Solution File, Format Version 12.00
# Visual Studio 2010
Project("{8BC9CEB8-8B4A-11D0-8D11-00A0C91BC942}") = "Engine", "Engine\Engine.vcxproj", "{015FB121-6122-4A00-BFBB-545E9E73ABEE}"
EndProject
Project("{8BC9CEB8-8B4A-11D0-8D11-00A0C91BC942}") = "Core", "Core\Core.vcxproj", "{48CE7676-DCB3-41F2-BED9-313D6FF57A97}"
EndProject
Project("{8BC9CEB8-8B4A-11D0-8D11-00A0C91BC942}") = "Common", "Common\Common.vcxproj", "{A2C9BF31-4AAD-4AD2-B975-2695E30C055B}"
EndProject
Project("{2150E333-8FDC-42A3-9474-1A3956D46DE8}") = "Strategies", "Strategies", "{5CA346C1-8234-4485-8B30-89ADE810555C}"
EndProject
Project("{2150E333-8FDC-42A3-9474-1A3956D46DE8}") = "Interaction", "Interaction", "{0472C2A4-F2BB-48CC-A6FE-32B792EE621D}"
EndProject
Project("{8BC9CEB8-8B4A-11D0-8D11-00A0C91BC942}") = "Py API", "PyApi\PyApi.vcxproj", "{7BD47287-4175-45EE-860B-326AE8060A16}"
EndProject
Project("{8BC9CEB8-8B4A-11D0-8D11-00A0C91BC942}") = "Fake", "Interaction\Fake\Fake.vcxproj", "{3E0187E3-F6E3-48E3-A0E4-1E454B0E7F40}"
EndProject
Project("{2150E333-8FDC-42A3-9474-1A3956D46DE8}") = "Gateway", "Gateway", "{A6D589DD-E5AD-4468-89EE-F84E1FA7DD89}"
EndProject
Project("{8BC9CEB8-8B4A-11D0-8D11-00A0C91BC942}") = "Gateway Service", "Gateway\Service\GatewayService.vcxproj", "{5E6B58FD-F8D1-44FE-9686-87D3D9CAE3FC}"
EndProject
Project("{8BC9CEB8-8B4A-11D0-8D11-00A0C91BC942}") = "Gateway Client", "Gateway\Client\GatewayClient.vcxproj", "{A2AB5E6A-0685-4555-BFE1-A9CE2C15646E}"
EndProject
Project("{8BC9CEB8-8B4A-11D0-8D11-00A0C91BC942}") = "Gateway Interface", "Gateway\Interface\GatewayInterface.vcxproj", "{2CECB3FA-A5EB-4CB4-AEE3-9625D9C56E3F}"
EndProject
Project("{8BC9CEB8-8B4A-11D0-8D11-00A0C91BC942}") = "Frontend", "Frontend\Frontend.vcxproj", "{A873D403-8BF1-4323-94D8-3CE4DAAA7B61}"
EndProject
Project("{8BC9CEB8-8B4A-11D0-8D11-00A0C91BC942}") = "Csv", "Interaction\Csv\Csv.vcxproj", "{2E95108D-1AF3-4AAE-909E-F380C264D4A4}"
EndProject
Project("{8BC9CEB8-8B4A-11D0-8D11-00A0C91BC942}") = "Services", "Services\Services.vcxproj", "{4F025D92-8F15-4A05-97B6-CA680CB090D9}"
EndProject
Global
	GlobalSection(SolutionConfigurationPlatforms) = preSolution
		Debug|Win32 = Debug|Win32
		Release|Win32 = Release|Win32
		Test|Win32 = Test|Win32
	EndGlobalSection
	GlobalSection(ProjectConfigurationPlatforms) = postSolution
		{015FB121-6122-4A00-BFBB-545E9E73ABEE}.Debug|Win32.ActiveCfg = Debug|Win32
		{015FB121-6122-4A00-BFBB-545E9E73ABEE}.Debug|Win32.Build.0 = Debug|Win32
		{015FB121-6122-4A00-BFBB-545E9E73ABEE}.Release|Win32.ActiveCfg = Release|Win32
		{015FB121-6122-4A00-BFBB-545E9E73ABEE}.Release|Win32.Build.0 = Release|Win32
		{015FB121-6122-4A00-BFBB-545E9E73ABEE}.Test|Win32.ActiveCfg = Test|Win32
		{015FB121-6122-4A00-BFBB-545E9E73ABEE}.Test|Win32.Build.0 = Test|Win32
		{48CE7676-DCB3-41F2-BED9-313D6FF57A97}.Debug|Win32.ActiveCfg = Debug|Win32
		{48CE7676-DCB3-41F2-BED9-313D6FF57A97}.Debug|Win32.Build.0 = Debug|Win32
		{48CE7676-DCB3-41F2-BED9-313D6FF57A97}.Release|Win32.ActiveCfg = Release|Win32
		{48CE7676-DCB3-41F2-BED9-313D6FF57A97}.Release|Win32.Build.0 = Release|Win32
		{48CE7676-DCB3-41F2-BED9-313D6FF57A97}.Test|Win32.ActiveCfg = Test|Win32
		{48CE7676-DCB3-41F2-BED9-313D6FF57A97}.Test|Win32.Build.0 = Test|Win32
		{A2C9BF31-4AAD-4AD2-B975-2695E30C055B}.Debug|Win32.ActiveCfg = Debug|Win32
		{A2C9BF31-4AAD-4AD2-B975-2695E30C055B}.Debug|Win32.Build.0 = Debug|Win32
		{A2C9BF31-4AAD-4AD2-B975-2695E30C055B}.Release|Win32.ActiveCfg = Release|Win32
		{A2C9BF31-4AAD-4AD2-B975-2695E30C055B}.Release|Win32.Build.0 = Release|Win32
		{A2C9BF31-4AAD-4AD2-B975-2695E30C055B}.Test|Win32.ActiveCfg = Test|Win32
		{A2C9BF31-4AAD-4AD2-B975-2695E30C055B}.Test|Win32.Build.0 = Test|Win32
		{7BD47287-4175-45EE-860B-326AE8060A16}.Debug|Win32.ActiveCfg = Debug|Win32
		{7BD47287-4175-45EE-860B-326AE8060A16}.Debug|Win32.Build.0 = Debug|Win32
		{7BD47287-4175-45EE-860B-326AE8060A16}.Release|Win32.ActiveCfg = Release|Win32
		{7BD47287-4175-45EE-860B-326AE8060A16}.Release|Win32.Build.0 = Release|Win32
		{7BD47287-4175-45EE-860B-326AE8060A16}.Test|Win32.ActiveCfg = Test|Win32
		{7BD47287-4175-45EE-860B-326AE8060A16}.Test|Win32.Build.0 = Test|Win32
		{3E0187E3-F6E3-48E3-A0E4-1E454B0E7F40}.Debug|Win32.ActiveCfg = Debug|Win32
		{3E0187E3-F6E3-48E3-A0E4-1E454B0E7F40}.Debug|Win32.Build.0 = Debug|Win32
		{3E0187E3-F6E3-48E3-A0E4-1E454B0E7F40}.Release|Win32.ActiveCfg = Release|Win32
		{3E0187E3-F6E3-48E3-A0E4-1E454B0E7F40}.Release|Win32.Build.0 = Release|Win32
		{3E0187E3-F6E3-48E3-A0E4-1E454B0E7F40}.Test|Win32.ActiveCfg = Test|Win32
		{3E0187E3-F6E3-48E3-A0E4-1E454B0E7F40}.Test|Win32.Build.0 = Test|Win32
		{5E6B58FD-F8D1-44FE-9686-87D3D9CAE3FC}.Debug|Win32.ActiveCfg = Debug|Win32
		{5E6B58FD-F8D1-44FE-9686-87D3D9CAE3FC}.Debug|Win32.Build.0 = Debug|Win32
		{5E6B58FD-F8D1-44FE-9686-87D3D9CAE3FC}.Release|Win32.ActiveCfg = Release|Win32
		{5E6B58FD-F8D1-44FE-9686-87D3D9CAE3FC}.Release|Win32.Build.0 = Release|Win32
		{5E6B58FD-F8D1-44FE-9686-87D3D9CAE3FC}.Test|Win32.ActiveCfg = Test|Win32
		{5E6B58FD-F8D1-44FE-9686-87D3D9CAE3FC}.Test|Win32.Build.0 = Test|Win32
		{A2AB5E6A-0685-4555-BFE1-A9CE2C15646E}.Debug|Win32.ActiveCfg = Debug|Win32
		{A2AB5E6A-0685-4555-BFE1-A9CE2C15646E}.Debug|Win32.Build.0 = Debug|Win32
		{A2AB5E6A-0685-4555-BFE1-A9CE2C15646E}.Release|Win32.ActiveCfg = Release|Win32
		{A2AB5E6A-0685-4555-BFE1-A9CE2C15646E}.Release|Win32.Build.0 = Release|Win32
		{A2AB5E6A-0685-4555-BFE1-A9CE2C15646E}.Test|Win32.ActiveCfg = Test|Win32
		{A2AB5E6A-0685-4555-BFE1-A9CE2C15646E}.Test|Win32.Build.0 = Test|Win32
		{2CECB3FA-A5EB-4CB4-AEE3-9625D9C56E3F}.Debug|Win32.ActiveCfg = Common|Win32
		{2CECB3FA-A5EB-4CB4-AEE3-9625D9C56E3F}.Debug|Win32.Build.0 = Common|Win32
		{2CECB3FA-A5EB-4CB4-AEE3-9625D9C56E3F}.Release|Win32.ActiveCfg = Common|Win32
		{2CECB3FA-A5EB-4CB4-AEE3-9625D9C56E3F}.Release|Win32.Build.0 = Common|Win32
		{2CECB3FA-A5EB-4CB4-AEE3-9625D9C56E3F}.Test|Win32.ActiveCfg = Common|Win32
		{2CECB3FA-A5EB-4CB4-AEE3-9625D9C56E3F}.Test|Win32.Build.0 = Common|Win32
		{A873D403-8BF1-4323-94D8-3CE4DAAA7B61}.Debug|Win32.ActiveCfg = Debug|Win32
		{A873D403-8BF1-4323-94D8-3CE4DAAA7B61}.Debug|Win32.Build.0 = Debug|Win32
		{A873D403-8BF1-4323-94D8-3CE4DAAA7B61}.Release|Win32.ActiveCfg = Release|Win32
		{A873D403-8BF1-4323-94D8-3CE4DAAA7B61}.Release|Win32.Build.0 = Release|Win32
		{A873D403-8BF1-4323-94D8-3CE4DAAA7B61}.Test|Win32.ActiveCfg = Test|Win32
		{A873D403-8BF1-4323-94D8-3CE4DAAA7B61}.Test|Win32.Build.0 = Test|Win32
		{2E95108D-1AF3-4AAE-909E-F380C264D4A4}.Debug|Win32.ActiveCfg = Debug|Win32
		{2E95108D-1AF3-4AAE-909E-F380C264D4A4}.Debug|Win32.Build.0 = Debug|Win32
		{2E95108D-1AF3-4AAE-909E-F380C264D4A4}.Release|Win32.ActiveCfg = Release|Win32
		{2E95108D-1AF3-4AAE-909E-F380C264D4A4}.Release|Win32.Build.0 = Release|Win32
		{2E95108D-1AF3-4AAE-909E-F380C264D4A4}.Test|Win32.ActiveCfg = Test|Win32
		{2E95108D-1AF3-4AAE-909E-F380C264D4A4}.Test|Win32.Build.0 = Test|Win32
		{4F025D92-8F15-4A05-97B6-CA680CB090D9}.Debug|Win32.ActiveCfg = Debug|Win32
		{4F025D92-8F15-4A05-97B6-CA680CB090D9}.Debug|Win32.Build.0 = Debug|Win32
		{4F025D92-8F15-4A05-97B6-CA680CB090D9}.Release|Win32.ActiveCfg = Release|Win32
		{4F025D92-8F15-4A05-97B6-CA680CB090D9}.Release|Win32.Build.0 = Release|Win32
		{4F025D92-8F15-4A05-97B6-CA680CB090D9}.Test|Win32.ActiveCfg = Test|Win32
		{4F025D92-8F15-4A05-97B6-CA680CB090D9}.Test|Win32.Build.0 = Test|Win32
	EndGlobalSection
	GlobalSection(SolutionProperties) = preSolution
		HideSolutionNode = FALSE
	EndGlobalSection
	GlobalSection(NestedProjects) = preSolution
		{3E0187E3-F6E3-48E3-A0E4-1E454B0E7F40} = {0472C2A4-F2BB-48CC-A6FE-32B792EE621D}
		{2E95108D-1AF3-4AAE-909E-F380C264D4A4} = {0472C2A4-F2BB-48CC-A6FE-32B792EE621D}
		{5E6B58FD-F8D1-44FE-9686-87D3D9CAE3FC} = {A6D589DD-E5AD-4468-89EE-F84E1FA7DD89}
		{A2AB5E6A-0685-4555-BFE1-A9CE2C15646E} = {A6D589DD-E5AD-4468-89EE-F84E1FA7DD89}
		{2CECB3FA-A5EB-4CB4-AEE3-9625D9C56E3F} = {A6D589DD-E5AD-4468-89EE-F84E1FA7DD89}
	EndGlobalSection
EndGlobal
