
Microsoft Visual Studio Solution File, Format Version 12.00
# Visual Studio 2010
Project("{8BC9CEB8-8B4A-11D0-8D11-00A0C91BC942}") = "Engine", "Engine\Engine.vcxproj", "{015FB121-6122-4A00-BFBB-545E9E73ABEE}"
EndProject
Project("{8BC9CEB8-8B4A-11D0-8D11-00A0C91BC942}") = "Core", "Core\Core.vcxproj", "{48CE7676-DCB3-41F2-BED9-313D6FF57A97}"
EndProject
Project("{8BC9CEB8-8B4A-11D0-8D11-00A0C91BC942}") = "Common", "Common\Common.vcxproj", "{A2C9BF31-4AAD-4AD2-B975-2695E30C055B}"
EndProject
Project("{2150E333-8FDC-42A3-9474-1A3956D46DE8}") = "Strategies", "Strategies", "{5CA346C1-8234-4485-8B30-89ADE810555C}"
EndProject
Project("{2150E333-8FDC-42A3-9474-1A3956D46DE8}") = "Interaction", "Interaction", "{0472C2A4-F2BB-48CC-A6FE-32B792EE621D}"
EndProject
Project("{8BC9CEB8-8B4A-11D0-8D11-00A0C91BC942}") = "Py API", "PyApi\PyApi.vcxproj", "{7BD47287-4175-45EE-860B-326AE8060A16}"
EndProject
Project("{8BC9CEB8-8B4A-11D0-8D11-00A0C91BC942}") = "Lightspeed", "Interaction\Lightspeed\Lightspeed.vcxproj", "{CED89712-F2FD-4A0D-A97C-A43F1738D1B5}"
EndProject
Project("{8BC9CEB8-8B4A-11D0-8D11-00A0C91BC942}") = "Enyx", "Interaction\Enyx\Enyx.vcxproj", "{9A49E138-AE46-46F6-9795-3BBF14F65E2D}"
EndProject
Project("{8BC9CEB8-8B4A-11D0-8D11-00A0C91BC942}") = "Fake", "Interaction\Fake\Fake.vcxproj", "{3E0187E3-F6E3-48E3-A0E4-1E454B0E7F40}"
EndProject
Project("{2150E333-8FDC-42A3-9474-1A3956D46DE8}") = "Gateway", "Gateway", "{A6D589DD-E5AD-4468-89EE-F84E1FA7DD89}"
EndProject
Project("{8BC9CEB8-8B4A-11D0-8D11-00A0C91BC942}") = "Gateway Service", "Gateway\Service\GatewayService.vcxproj", "{5E6B58FD-F8D1-44FE-9686-87D3D9CAE3FC}"
EndProject
Project("{8BC9CEB8-8B4A-11D0-8D11-00A0C91BC942}") = "Gateway Client", "Gateway\Client\GatewayClient.vcxproj", "{A2AB5E6A-0685-4555-BFE1-A9CE2C15646E}"
EndProject
Project("{8BC9CEB8-8B4A-11D0-8D11-00A0C91BC942}") = "Gateway Interface", "Gateway\Interface\GatewayInterface.vcxproj", "{E792F2F5-E6F8-49FF-A1AA-47E0243E5180}"
EndProject
Global
	GlobalSection(SolutionConfigurationPlatforms) = preSolution
		Debug|Win32 = Debug|Win32
		Release|Win32 = Release|Win32
		Test|Win32 = Test|Win32
	EndGlobalSection
	GlobalSection(ProjectConfigurationPlatforms) = postSolution
		{015FB121-6122-4A00-BFBB-545E9E73ABEE}.Debug|Win32.ActiveCfg = Debug|Win32
		{015FB121-6122-4A00-BFBB-545E9E73ABEE}.Debug|Win32.Build.0 = Debug|Win32
		{015FB121-6122-4A00-BFBB-545E9E73ABEE}.Release|Win32.ActiveCfg = Release|Win32
		{015FB121-6122-4A00-BFBB-545E9E73ABEE}.Release|Win32.Build.0 = Release|Win32
		{015FB121-6122-4A00-BFBB-545E9E73ABEE}.Test|Win32.ActiveCfg = Test|Win32
		{015FB121-6122-4A00-BFBB-545E9E73ABEE}.Test|Win32.Build.0 = Test|Win32
		{48CE7676-DCB3-41F2-BED9-313D6FF57A97}.Debug|Win32.ActiveCfg = Debug|Win32
		{48CE7676-DCB3-41F2-BED9-313D6FF57A97}.Debug|Win32.Build.0 = Debug|Win32
		{48CE7676-DCB3-41F2-BED9-313D6FF57A97}.Release|Win32.ActiveCfg = Release|Win32
		{48CE7676-DCB3-41F2-BED9-313D6FF57A97}.Release|Win32.Build.0 = Release|Win32
		{48CE7676-DCB3-41F2-BED9-313D6FF57A97}.Test|Win32.ActiveCfg = Test|Win32
		{48CE7676-DCB3-41F2-BED9-313D6FF57A97}.Test|Win32.Build.0 = Test|Win32
		{A2C9BF31-4AAD-4AD2-B975-2695E30C055B}.Debug|Win32.ActiveCfg = Debug|Win32
		{A2C9BF31-4AAD-4AD2-B975-2695E30C055B}.Debug|Win32.Build.0 = Debug|Win32
		{A2C9BF31-4AAD-4AD2-B975-2695E30C055B}.Release|Win32.ActiveCfg = Release|Win32
		{A2C9BF31-4AAD-4AD2-B975-2695E30C055B}.Release|Win32.Build.0 = Release|Win32
		{A2C9BF31-4AAD-4AD2-B975-2695E30C055B}.Test|Win32.ActiveCfg = Test|Win32
		{A2C9BF31-4AAD-4AD2-B975-2695E30C055B}.Test|Win32.Build.0 = Test|Win32
		{7BD47287-4175-45EE-860B-326AE8060A16}.Debug|Win32.ActiveCfg = Debug|Win32
		{7BD47287-4175-45EE-860B-326AE8060A16}.Debug|Win32.Build.0 = Debug|Win32
		{7BD47287-4175-45EE-860B-326AE8060A16}.Release|Win32.ActiveCfg = Release|Win32
		{7BD47287-4175-45EE-860B-326AE8060A16}.Release|Win32.Build.0 = Release|Win32
		{7BD47287-4175-45EE-860B-326AE8060A16}.Test|Win32.ActiveCfg = Test|Win32
		{7BD47287-4175-45EE-860B-326AE8060A16}.Test|Win32.Build.0 = Test|Win32
		{CED89712-F2FD-4A0D-A97C-A43F1738D1B5}.Debug|Win32.ActiveCfg = Debug|Win32
		{CED89712-F2FD-4A0D-A97C-A43F1738D1B5}.Debug|Win32.Build.0 = Debug|Win32
		{CED89712-F2FD-4A0D-A97C-A43F1738D1B5}.Release|Win32.ActiveCfg = Release|Win32
		{CED89712-F2FD-4A0D-A97C-A43F1738D1B5}.Release|Win32.Build.0 = Release|Win32
		{CED89712-F2FD-4A0D-A97C-A43F1738D1B5}.Test|Win32.ActiveCfg = Test|Win32
		{CED89712-F2FD-4A0D-A97C-A43F1738D1B5}.Test|Win32.Build.0 = Test|Win32
		{9A49E138-AE46-46F6-9795-3BBF14F65E2D}.Debug|Win32.ActiveCfg = Debug|Win32
		{9A49E138-AE46-46F6-9795-3BBF14F65E2D}.Debug|Win32.Build.0 = Debug|Win32
		{9A49E138-AE46-46F6-9795-3BBF14F65E2D}.Release|Win32.ActiveCfg = Release|Win32
		{9A49E138-AE46-46F6-9795-3BBF14F65E2D}.Release|Win32.Build.0 = Release|Win32
		{9A49E138-AE46-46F6-9795-3BBF14F65E2D}.Test|Win32.ActiveCfg = Test|Win32
		{9A49E138-AE46-46F6-9795-3BBF14F65E2D}.Test|Win32.Build.0 = Test|Win32
		{3E0187E3-F6E3-48E3-A0E4-1E454B0E7F40}.Debug|Win32.ActiveCfg = Debug|Win32
		{3E0187E3-F6E3-48E3-A0E4-1E454B0E7F40}.Debug|Win32.Build.0 = Debug|Win32
		{3E0187E3-F6E3-48E3-A0E4-1E454B0E7F40}.Release|Win32.ActiveCfg = Release|Win32
		{3E0187E3-F6E3-48E3-A0E4-1E454B0E7F40}.Release|Win32.Build.0 = Release|Win32
		{3E0187E3-F6E3-48E3-A0E4-1E454B0E7F40}.Test|Win32.ActiveCfg = Test|Win32
		{3E0187E3-F6E3-48E3-A0E4-1E454B0E7F40}.Test|Win32.Build.0 = Test|Win32
		{5E6B58FD-F8D1-44FE-9686-87D3D9CAE3FC}.Debug|Win32.ActiveCfg = Debug|Win32
		{5E6B58FD-F8D1-44FE-9686-87D3D9CAE3FC}.Debug|Win32.Build.0 = Debug|Win32
		{5E6B58FD-F8D1-44FE-9686-87D3D9CAE3FC}.Release|Win32.ActiveCfg = Release|Win32
		{5E6B58FD-F8D1-44FE-9686-87D3D9CAE3FC}.Release|Win32.Build.0 = Release|Win32
		{5E6B58FD-F8D1-44FE-9686-87D3D9CAE3FC}.Test|Win32.ActiveCfg = Test|Win32
		{5E6B58FD-F8D1-44FE-9686-87D3D9CAE3FC}.Test|Win32.Build.0 = Test|Win32
		{A2AB5E6A-0685-4555-BFE1-A9CE2C15646E}.Debug|Win32.ActiveCfg = Debug|Win32
		{A2AB5E6A-0685-4555-BFE1-A9CE2C15646E}.Debug|Win32.Build.0 = Debug|Win32
		{A2AB5E6A-0685-4555-BFE1-A9CE2C15646E}.Release|Win32.ActiveCfg = Release|Win32
		{A2AB5E6A-0685-4555-BFE1-A9CE2C15646E}.Release|Win32.Build.0 = Release|Win32
		{A2AB5E6A-0685-4555-BFE1-A9CE2C15646E}.Test|Win32.ActiveCfg = Test|Win32
		{A2AB5E6A-0685-4555-BFE1-A9CE2C15646E}.Test|Win32.Build.0 = Test|Win32
		{E792F2F5-E6F8-49FF-A1AA-47E0243E5180}.Debug|Win32.ActiveCfg = Debug|Win32
		{E792F2F5-E6F8-49FF-A1AA-47E0243E5180}.Debug|Win32.Build.0 = Debug|Win32
		{E792F2F5-E6F8-49FF-A1AA-47E0243E5180}.Release|Win32.ActiveCfg = Release|Win32
		{E792F2F5-E6F8-49FF-A1AA-47E0243E5180}.Release|Win32.Build.0 = Release|Win32
		{E792F2F5-E6F8-49FF-A1AA-47E0243E5180}.Test|Win32.ActiveCfg = Release|Win32
		{E792F2F5-E6F8-49FF-A1AA-47E0243E5180}.Test|Win32.Build.0 = Release|Win32
	EndGlobalSection
	GlobalSection(SolutionProperties) = preSolution
		HideSolutionNode = FALSE
	EndGlobalSection
	GlobalSection(NestedProjects) = preSolution
		{CED89712-F2FD-4A0D-A97C-A43F1738D1B5} = {0472C2A4-F2BB-48CC-A6FE-32B792EE621D}
		{9A49E138-AE46-46F6-9795-3BBF14F65E2D} = {0472C2A4-F2BB-48CC-A6FE-32B792EE621D}
		{3E0187E3-F6E3-48E3-A0E4-1E454B0E7F40} = {0472C2A4-F2BB-48CC-A6FE-32B792EE621D}
		{5E6B58FD-F8D1-44FE-9686-87D3D9CAE3FC} = {A6D589DD-E5AD-4468-89EE-F84E1FA7DD89}
		{A2AB5E6A-0685-4555-BFE1-A9CE2C15646E} = {A6D589DD-E5AD-4468-89EE-F84E1FA7DD89}
		{E792F2F5-E6F8-49FF-A1AA-47E0243E5180} = {A6D589DD-E5AD-4468-89EE-F84E1FA7DD89}
	EndGlobalSection
EndGlobal
