
Microsoft Visual Studio Solution File, Format Version 12.00
# Visual Studio 2012
Project("{8BC9CEB8-8B4A-11D0-8D11-00A0C91BC942}") = "Engine", "Engine\Engine.vcxproj", "{015FB121-6122-4A00-BFBB-545E9E73ABEE}"
EndProject
Project("{8BC9CEB8-8B4A-11D0-8D11-00A0C91BC942}") = "Core", "Core\Core.vcxproj", "{48CE7676-DCB3-41F2-BED9-313D6FF57A97}"
EndProject
Project("{8BC9CEB8-8B4A-11D0-8D11-00A0C91BC942}") = "Common", "Common\Common.vcxproj", "{A2C9BF31-4AAD-4AD2-B975-2695E30C055B}"
EndProject
Project("{2150E333-8FDC-42A3-9474-1A3956D46DE8}") = "Strategies", "Strategies", "{5CA346C1-8234-4485-8B30-89ADE810555C}"
	ProjectSection(SolutionItems) = preProject
		Strategies\Prec.hpp = Strategies\Prec.hpp
	EndProjectSection
EndProject
Project("{2150E333-8FDC-42A3-9474-1A3956D46DE8}") = "Interaction", "Interaction", "{0472C2A4-F2BB-48CC-A6FE-32B792EE621D}"
EndProject
Project("{8BC9CEB8-8B4A-11D0-8D11-00A0C91BC942}") = "Py API", "PyApi\PyApi.vcxproj", "{7BD47287-4175-45EE-860B-326AE8060A16}"
EndProject
Project("{8BC9CEB8-8B4A-11D0-8D11-00A0C91BC942}") = "Lightspeed", "Interaction\Lightspeed\Lightspeed.vcxproj", "{CED89712-F2FD-4A0D-A97C-A43F1738D1B5}"
EndProject
Project("{8BC9CEB8-8B4A-11D0-8D11-00A0C91BC942}") = "Enyx", "Interaction\Enyx\Enyx.vcxproj", "{9A49E138-AE46-46F6-9795-3BBF14F65E2D}"
EndProject
Global
	GlobalSection(SolutionConfigurationPlatforms) = preSolution
		Debug|Win32 = Debug|Win32
		Release|Win32 = Release|Win32
		Test|Win32 = Test|Win32
	EndGlobalSection
	GlobalSection(ProjectConfigurationPlatforms) = postSolution
		{015FB121-6122-4A00-BFBB-545E9E73ABEE}.Debug|Win32.ActiveCfg = Debug|Win32
		{015FB121-6122-4A00-BFBB-545E9E73ABEE}.Debug|Win32.Build.0 = Debug|Win32
		{015FB121-6122-4A00-BFBB-545E9E73ABEE}.Release|Win32.ActiveCfg = Release|Win32
		{015FB121-6122-4A00-BFBB-545E9E73ABEE}.Release|Win32.Build.0 = Release|Win32
		{015FB121-6122-4A00-BFBB-545E9E73ABEE}.Test|Win32.ActiveCfg = Test|Win32
		{015FB121-6122-4A00-BFBB-545E9E73ABEE}.Test|Win32.Build.0 = Test|Win32
		{48CE7676-DCB3-41F2-BED9-313D6FF57A97}.Debug|Win32.ActiveCfg = Debug|Win32
		{48CE7676-DCB3-41F2-BED9-313D6FF57A97}.Debug|Win32.Build.0 = Debug|Win32
		{48CE7676-DCB3-41F2-BED9-313D6FF57A97}.Release|Win32.ActiveCfg = Release|Win32
		{48CE7676-DCB3-41F2-BED9-313D6FF57A97}.Release|Win32.Build.0 = Release|Win32
		{48CE7676-DCB3-41F2-BED9-313D6FF57A97}.Test|Win32.ActiveCfg = Test|Win32
		{48CE7676-DCB3-41F2-BED9-313D6FF57A97}.Test|Win32.Build.0 = Test|Win32
		{A2C9BF31-4AAD-4AD2-B975-2695E30C055B}.Debug|Win32.ActiveCfg = Debug|Win32
		{A2C9BF31-4AAD-4AD2-B975-2695E30C055B}.Debug|Win32.Build.0 = Debug|Win32
		{A2C9BF31-4AAD-4AD2-B975-2695E30C055B}.Release|Win32.ActiveCfg = Release|Win32
		{A2C9BF31-4AAD-4AD2-B975-2695E30C055B}.Release|Win32.Build.0 = Release|Win32
		{A2C9BF31-4AAD-4AD2-B975-2695E30C055B}.Test|Win32.ActiveCfg = Test|Win32
		{A2C9BF31-4AAD-4AD2-B975-2695E30C055B}.Test|Win32.Build.0 = Test|Win32
		{7BD47287-4175-45EE-860B-326AE8060A16}.Debug|Win32.ActiveCfg = Debug|Win32
		{7BD47287-4175-45EE-860B-326AE8060A16}.Debug|Win32.Build.0 = Debug|Win32
		{7BD47287-4175-45EE-860B-326AE8060A16}.Release|Win32.ActiveCfg = Release|Win32
		{7BD47287-4175-45EE-860B-326AE8060A16}.Release|Win32.Build.0 = Release|Win32
		{7BD47287-4175-45EE-860B-326AE8060A16}.Test|Win32.ActiveCfg = Test|Win32
		{7BD47287-4175-45EE-860B-326AE8060A16}.Test|Win32.Build.0 = Test|Win32
		{CED89712-F2FD-4A0D-A97C-A43F1738D1B5}.Debug|Win32.ActiveCfg = Debug|Win32
		{CED89712-F2FD-4A0D-A97C-A43F1738D1B5}.Debug|Win32.Build.0 = Debug|Win32
		{CED89712-F2FD-4A0D-A97C-A43F1738D1B5}.Release|Win32.ActiveCfg = Release|Win32
		{CED89712-F2FD-4A0D-A97C-A43F1738D1B5}.Release|Win32.Build.0 = Release|Win32
		{CED89712-F2FD-4A0D-A97C-A43F1738D1B5}.Test|Win32.ActiveCfg = Test|Win32
		{CED89712-F2FD-4A0D-A97C-A43F1738D1B5}.Test|Win32.Build.0 = Test|Win32
		{9A49E138-AE46-46F6-9795-3BBF14F65E2D}.Debug|Win32.ActiveCfg = Debug|Win32
		{9A49E138-AE46-46F6-9795-3BBF14F65E2D}.Debug|Win32.Build.0 = Debug|Win32
		{9A49E138-AE46-46F6-9795-3BBF14F65E2D}.Release|Win32.ActiveCfg = Release|Win32
		{9A49E138-AE46-46F6-9795-3BBF14F65E2D}.Release|Win32.Build.0 = Release|Win32
		{9A49E138-AE46-46F6-9795-3BBF14F65E2D}.Test|Win32.ActiveCfg = Test|Win32
		{9A49E138-AE46-46F6-9795-3BBF14F65E2D}.Test|Win32.Build.0 = Test|Win32
	EndGlobalSection
	GlobalSection(SolutionProperties) = preSolution
		HideSolutionNode = FALSE
	EndGlobalSection
	GlobalSection(NestedProjects) = preSolution
		{CED89712-F2FD-4A0D-A97C-A43F1738D1B5} = {0472C2A4-F2BB-48CC-A6FE-32B792EE621D}
		{9A49E138-AE46-46F6-9795-3BBF14F65E2D} = {0472C2A4-F2BB-48CC-A6FE-32B792EE621D}
	EndGlobalSection
EndGlobal
