
Microsoft Visual Studio Solution File, Format Version 12.00
# Visual Studio 2012
Project("{8BC9CEB8-8B4A-11D0-8D11-00A0C91BC942}") = "Engine", "Engine\Engine.vcxproj", "{015FB121-6122-4A00-BFBB-545E9E73ABEE}"
EndProject
Project("{8BC9CEB8-8B4A-11D0-8D11-00A0C91BC942}") = "Core", "Core\Core.vcxproj", "{48CE7676-DCB3-41F2-BED9-313D6FF57A97}"
EndProject
Project("{8BC9CEB8-8B4A-11D0-8D11-00A0C91BC942}") = "Common", "Common\Common.vcxproj", "{A2C9BF31-4AAD-4AD2-B975-2695E30C055B}"
EndProject
Project("{2150E333-8FDC-42A3-9474-1A3956D46DE8}") = "Strategies", "Strategies", "{5CA346C1-8234-4485-8B30-89ADE810555C}"
EndProject
Project("{2150E333-8FDC-42A3-9474-1A3956D46DE8}") = "Interaction", "Interaction", "{0472C2A4-F2BB-48CC-A6FE-32B792EE621D}"
EndProject
Project("{8BC9CEB8-8B4A-11D0-8D11-00A0C91BC942}") = "Services", "Services\Services.vcxproj", "{4F025D92-8F15-4A05-97B6-CA680CB090D9}"
EndProject
Project("{8BC9CEB8-8B4A-11D0-8D11-00A0C91BC942}") = "Interactive Brokers", "Interaction\InteractiveBrokers\InteractiveBrokers.vcxproj", "{BEFE87AE-1376-4C4C-87D5-73E782990306}"
EndProject
Project("{8BC9CEB8-8B4A-11D0-8D11-00A0C91BC942}") = "Version", "Version\Version.vcxproj", "{6884DFB9-D84C-4F37-853F-79565671A1E3}"
EndProject
Project("{2150E333-8FDC-42A3-9474-1A3956D46DE8}") = "API", "API", "{3FC123F7-5DCB-436A-96EB-AC392109EB72}"
EndProject
Project("{8BC9CEB8-8B4A-11D0-8D11-00A0C91BC942}") = "Simple API", "SimpleApi\SimpleApi.vcxproj", "{4809FFBD-45A2-4758-8E6E-9B7771BA3E7B}"
EndProject
Global
	GlobalSection(SolutionConfigurationPlatforms) = preSolution
		Debug DLL|Win32 = Debug DLL|Win32
		Release DLL|Win32 = Release DLL|Win32
		Test DLL|Win32 = Test DLL|Win32
	EndGlobalSection
	GlobalSection(ProjectConfigurationPlatforms) = postSolution
		{015FB121-6122-4A00-BFBB-545E9E73ABEE}.Debug DLL|Win32.ActiveCfg = Debug DLL|Win32
		{015FB121-6122-4A00-BFBB-545E9E73ABEE}.Debug DLL|Win32.Build.0 = Debug DLL|Win32
		{015FB121-6122-4A00-BFBB-545E9E73ABEE}.Release DLL|Win32.ActiveCfg = Release DLL|Win32
		{015FB121-6122-4A00-BFBB-545E9E73ABEE}.Release DLL|Win32.Build.0 = Release DLL|Win32
		{015FB121-6122-4A00-BFBB-545E9E73ABEE}.Test DLL|Win32.ActiveCfg = Test DLL|Win32
		{015FB121-6122-4A00-BFBB-545E9E73ABEE}.Test DLL|Win32.Build.0 = Test DLL|Win32
		{48CE7676-DCB3-41F2-BED9-313D6FF57A97}.Debug DLL|Win32.ActiveCfg = Debug DLL|Win32
		{48CE7676-DCB3-41F2-BED9-313D6FF57A97}.Debug DLL|Win32.Build.0 = Debug DLL|Win32
		{48CE7676-DCB3-41F2-BED9-313D6FF57A97}.Release DLL|Win32.ActiveCfg = Release DLL|Win32
		{48CE7676-DCB3-41F2-BED9-313D6FF57A97}.Release DLL|Win32.Build.0 = Release DLL|Win32
		{48CE7676-DCB3-41F2-BED9-313D6FF57A97}.Test DLL|Win32.ActiveCfg = Test DLL|Win32
		{48CE7676-DCB3-41F2-BED9-313D6FF57A97}.Test DLL|Win32.Build.0 = Test DLL|Win32
		{A2C9BF31-4AAD-4AD2-B975-2695E30C055B}.Debug DLL|Win32.ActiveCfg = Debug DLL|Win32
		{A2C9BF31-4AAD-4AD2-B975-2695E30C055B}.Debug DLL|Win32.Build.0 = Debug DLL|Win32
		{A2C9BF31-4AAD-4AD2-B975-2695E30C055B}.Release DLL|Win32.ActiveCfg = Release DLL|Win32
		{A2C9BF31-4AAD-4AD2-B975-2695E30C055B}.Release DLL|Win32.Build.0 = Release DLL|Win32
		{A2C9BF31-4AAD-4AD2-B975-2695E30C055B}.Test DLL|Win32.ActiveCfg = Test DLL|Win32
		{A2C9BF31-4AAD-4AD2-B975-2695E30C055B}.Test DLL|Win32.Build.0 = Test DLL|Win32
		{4F025D92-8F15-4A05-97B6-CA680CB090D9}.Debug DLL|Win32.ActiveCfg = Debug DLL|Win32
		{4F025D92-8F15-4A05-97B6-CA680CB090D9}.Debug DLL|Win32.Build.0 = Debug DLL|Win32
		{4F025D92-8F15-4A05-97B6-CA680CB090D9}.Release DLL|Win32.ActiveCfg = Release DLL|Win32
		{4F025D92-8F15-4A05-97B6-CA680CB090D9}.Release DLL|Win32.Build.0 = Release DLL|Win32
		{4F025D92-8F15-4A05-97B6-CA680CB090D9}.Test DLL|Win32.ActiveCfg = Test DLL|Win32
		{4F025D92-8F15-4A05-97B6-CA680CB090D9}.Test DLL|Win32.Build.0 = Test DLL|Win32
		{BEFE87AE-1376-4C4C-87D5-73E782990306}.Debug DLL|Win32.ActiveCfg = Debug DLL|Win32
		{BEFE87AE-1376-4C4C-87D5-73E782990306}.Debug DLL|Win32.Build.0 = Debug DLL|Win32
		{BEFE87AE-1376-4C4C-87D5-73E782990306}.Release DLL|Win32.ActiveCfg = Release DLL|Win32
		{BEFE87AE-1376-4C4C-87D5-73E782990306}.Release DLL|Win32.Build.0 = Release DLL|Win32
		{BEFE87AE-1376-4C4C-87D5-73E782990306}.Test DLL|Win32.ActiveCfg = Test DLL|Win32
		{BEFE87AE-1376-4C4C-87D5-73E782990306}.Test DLL|Win32.Build.0 = Test DLL|Win32
		{6884DFB9-D84C-4F37-853F-79565671A1E3}.Debug DLL|Win32.ActiveCfg = Debug DLL|Win32
		{6884DFB9-D84C-4F37-853F-79565671A1E3}.Debug DLL|Win32.Build.0 = Debug DLL|Win32
		{6884DFB9-D84C-4F37-853F-79565671A1E3}.Release DLL|Win32.ActiveCfg = Release DLL|Win32
		{6884DFB9-D84C-4F37-853F-79565671A1E3}.Release DLL|Win32.Build.0 = Release DLL|Win32
		{6884DFB9-D84C-4F37-853F-79565671A1E3}.Test DLL|Win32.ActiveCfg = Test DLL|Win32
		{6884DFB9-D84C-4F37-853F-79565671A1E3}.Test DLL|Win32.Build.0 = Test DLL|Win32
		{4809FFBD-45A2-4758-8E6E-9B7771BA3E7B}.Debug DLL|Win32.ActiveCfg = Debug DLL|Win32
		{4809FFBD-45A2-4758-8E6E-9B7771BA3E7B}.Debug DLL|Win32.Build.0 = Debug DLL|Win32
		{4809FFBD-45A2-4758-8E6E-9B7771BA3E7B}.Release DLL|Win32.ActiveCfg = Release DLL|Win32
		{4809FFBD-45A2-4758-8E6E-9B7771BA3E7B}.Release DLL|Win32.Build.0 = Release DLL|Win32
		{4809FFBD-45A2-4758-8E6E-9B7771BA3E7B}.Test DLL|Win32.ActiveCfg = Test DLL|Win32
		{4809FFBD-45A2-4758-8E6E-9B7771BA3E7B}.Test DLL|Win32.Build.0 = Test DLL|Win32
	EndGlobalSection
	GlobalSection(SolutionProperties) = preSolution
		HideSolutionNode = FALSE
	EndGlobalSection
	GlobalSection(NestedProjects) = preSolution
		{BEFE87AE-1376-4C4C-87D5-73E782990306} = {0472C2A4-F2BB-48CC-A6FE-32B792EE621D}
		{4809FFBD-45A2-4758-8E6E-9B7771BA3E7B} = {3FC123F7-5DCB-436A-96EB-AC392109EB72}
	EndGlobalSection
EndGlobal
