
Microsoft Visual Studio Solution File, Format Version 12.00
# Visual Studio 2012
Project("{8BC9CEB8-8B4A-11D0-8D11-00A0C91BC942}") = "Engine", "Engine\Engine.vcxproj", "{015FB121-6122-4A00-BFBB-545E9E73ABEE}"
EndProject
Project("{8BC9CEB8-8B4A-11D0-8D11-00A0C91BC942}") = "Core", "Core\Core.vcxproj", "{48CE7676-DCB3-41F2-BED9-313D6FF57A97}"
EndProject
Project("{8BC9CEB8-8B4A-11D0-8D11-00A0C91BC942}") = "Common", "Common\Common.vcxproj", "{A2C9BF31-4AAD-4AD2-B975-2695E30C055B}"
EndProject
Project("{2150E333-8FDC-42A3-9474-1A3956D46DE8}") = "Strategies", "Strategies", "{5CA346C1-8234-4485-8B30-89ADE810555C}"
EndProject
Project("{2150E333-8FDC-42A3-9474-1A3956D46DE8}") = "Interaction", "Interaction", "{0472C2A4-F2BB-48CC-A6FE-32B792EE621D}"
EndProject
Project("{8BC9CEB8-8B4A-11D0-8D11-00A0C91BC942}") = "Interactive Brokers", "Interaction\InteractiveBrokers\InteractiveBrokers.vcxproj", "{BEFE87AE-1376-4C4C-87D5-73E782990306}"
EndProject
Project("{8BC9CEB8-8B4A-11D0-8D11-00A0C91BC942}") = "Version", "Version\Version.vcxproj", "{6884DFB9-D84C-4F37-853F-79565671A1E3}"
EndProject
Project("{8BC9CEB8-8B4A-11D0-8D11-00A0C91BC942}") = "MQL API", "MqlApi\MqlApi.vcxproj", "{2D63F319-8EDA-4660-9960-6552D8433B15}"
EndProject
Global
	GlobalSection(SolutionConfigurationPlatforms) = preSolution
		Debug|Win32 = Debug|Win32
		Release|Win32 = Release|Win32
		Test|Win32 = Test|Win32
	EndGlobalSection
	GlobalSection(ProjectConfigurationPlatforms) = postSolution
		{015FB121-6122-4A00-BFBB-545E9E73ABEE}.Debug|Win32.ActiveCfg = Debug|Win32
		{015FB121-6122-4A00-BFBB-545E9E73ABEE}.Debug|Win32.Build.0 = Debug|Win32
		{015FB121-6122-4A00-BFBB-545E9E73ABEE}.Release|Win32.ActiveCfg = Release|Win32
		{015FB121-6122-4A00-BFBB-545E9E73ABEE}.Release|Win32.Build.0 = Release|Win32
		{015FB121-6122-4A00-BFBB-545E9E73ABEE}.Test|Win32.ActiveCfg = Test|Win32
		{015FB121-6122-4A00-BFBB-545E9E73ABEE}.Test|Win32.Build.0 = Test|Win32
		{48CE7676-DCB3-41F2-BED9-313D6FF57A97}.Debug|Win32.ActiveCfg = Debug|Win32
		{48CE7676-DCB3-41F2-BED9-313D6FF57A97}.Debug|Win32.Build.0 = Debug|Win32
		{48CE7676-DCB3-41F2-BED9-313D6FF57A97}.Release|Win32.ActiveCfg = Release|Win32
		{48CE7676-DCB3-41F2-BED9-313D6FF57A97}.Release|Win32.Build.0 = Release|Win32
		{48CE7676-DCB3-41F2-BED9-313D6FF57A97}.Test|Win32.ActiveCfg = Test|Win32
		{48CE7676-DCB3-41F2-BED9-313D6FF57A97}.Test|Win32.Build.0 = Test|Win32
		{A2C9BF31-4AAD-4AD2-B975-2695E30C055B}.Debug|Win32.ActiveCfg = Debug|Win32
		{A2C9BF31-4AAD-4AD2-B975-2695E30C055B}.Debug|Win32.Build.0 = Debug|Win32
		{A2C9BF31-4AAD-4AD2-B975-2695E30C055B}.Release|Win32.ActiveCfg = Release|Win32
		{A2C9BF31-4AAD-4AD2-B975-2695E30C055B}.Release|Win32.Build.0 = Release|Win32
		{A2C9BF31-4AAD-4AD2-B975-2695E30C055B}.Test|Win32.ActiveCfg = Test|Win32
		{A2C9BF31-4AAD-4AD2-B975-2695E30C055B}.Test|Win32.Build.0 = Test|Win32
		{BEFE87AE-1376-4C4C-87D5-73E782990306}.Debug|Win32.ActiveCfg = Debug|Win32
		{BEFE87AE-1376-4C4C-87D5-73E782990306}.Debug|Win32.Build.0 = Debug|Win32
		{BEFE87AE-1376-4C4C-87D5-73E782990306}.Release|Win32.ActiveCfg = Release|Win32
		{BEFE87AE-1376-4C4C-87D5-73E782990306}.Release|Win32.Build.0 = Release|Win32
		{BEFE87AE-1376-4C4C-87D5-73E782990306}.Test|Win32.ActiveCfg = Test|Win32
		{BEFE87AE-1376-4C4C-87D5-73E782990306}.Test|Win32.Build.0 = Test|Win32
		{6884DFB9-D84C-4F37-853F-79565671A1E3}.Debug|Win32.ActiveCfg = Release|Win32
		{6884DFB9-D84C-4F37-853F-79565671A1E3}.Debug|Win32.Build.0 = Release|Win32
		{6884DFB9-D84C-4F37-853F-79565671A1E3}.Release|Win32.ActiveCfg = Release|Win32
		{6884DFB9-D84C-4F37-853F-79565671A1E3}.Release|Win32.Build.0 = Release|Win32
		{6884DFB9-D84C-4F37-853F-79565671A1E3}.Test|Win32.ActiveCfg = Release|Win32
		{6884DFB9-D84C-4F37-853F-79565671A1E3}.Test|Win32.Build.0 = Release|Win32
		{2D63F319-8EDA-4660-9960-6552D8433B15}.Debug|Win32.ActiveCfg = Debug|Win32
		{2D63F319-8EDA-4660-9960-6552D8433B15}.Debug|Win32.Build.0 = Debug|Win32
		{2D63F319-8EDA-4660-9960-6552D8433B15}.Release|Win32.ActiveCfg = Release|Win32
		{2D63F319-8EDA-4660-9960-6552D8433B15}.Release|Win32.Build.0 = Release|Win32
		{2D63F319-8EDA-4660-9960-6552D8433B15}.Test|Win32.ActiveCfg = Test|Win32
		{2D63F319-8EDA-4660-9960-6552D8433B15}.Test|Win32.Build.0 = Test|Win32
	EndGlobalSection
	GlobalSection(SolutionProperties) = preSolution
		HideSolutionNode = FALSE
	EndGlobalSection
	GlobalSection(NestedProjects) = preSolution
		{BEFE87AE-1376-4C4C-87D5-73E782990306} = {0472C2A4-F2BB-48CC-A6FE-32B792EE621D}
	EndGlobalSection
EndGlobal
