
Microsoft Visual Studio Solution File, Format Version 12.00
# Visual Studio 2012
Project("{8BC9CEB8-8B4A-11D0-8D11-00A0C91BC942}") = "Engine", "Engine\Engine.vcxproj", "{015FB121-6122-4A00-BFBB-545E9E73ABEE}"
EndProject
Project("{8BC9CEB8-8B4A-11D0-8D11-00A0C91BC942}") = "Core", "Core\Core.vcxproj", "{48CE7676-DCB3-41F2-BED9-313D6FF57A97}"
EndProject
Project("{8BC9CEB8-8B4A-11D0-8D11-00A0C91BC942}") = "Common", "Common\Common.vcxproj", "{A2C9BF31-4AAD-4AD2-B975-2695E30C055B}"
EndProject
Project("{2150E333-8FDC-42A3-9474-1A3956D46DE8}") = "Strategies", "Strategies", "{5CA346C1-8234-4485-8B30-89ADE810555C}"
EndProject
Project("{2150E333-8FDC-42A3-9474-1A3956D46DE8}") = "Interaction", "Interaction", "{0472C2A4-F2BB-48CC-A6FE-32B792EE621D}"
EndProject
Project("{8BC9CEB8-8B4A-11D0-8D11-00A0C91BC942}") = "Fake", "Interaction\Fake\Fake.vcxproj", "{3E0187E3-F6E3-48E3-A0E4-1E454B0E7F40}"
EndProject
Project("{8BC9CEB8-8B4A-11D0-8D11-00A0C91BC942}") = "Engine Server", "EngineServer\EngineServer.vcxproj", "{333A992A-036E-4C3B-A116-C44E748CBF21}"
EndProject
Project("{8BC9CEB8-8B4A-11D0-8D11-00A0C91BC942}") = "Version", "Version\Version.vcxproj", "{6884DFB9-D84C-4F37-853F-79565671A1E3}"
EndProject
Project("{8BC9CEB8-8B4A-11D0-8D11-00A0C91BC942}") = "Tests", "Tests\Tests.vcxproj", "{AF773219-8D87-4958-A567-4BCB72272E51}"
EndProject
Project("{8BC9CEB8-8B4A-11D0-8D11-00A0C91BC942}") = "Onix FIX Engine", "Interaction\OnixFixEngine\OnixFixEngine.vcxproj", "{C86383E0-0A73-41E0-8263-9E05B608CE55}"
EndProject
Global
	GlobalSection(SolutionConfigurationPlatforms) = preSolution
		Debug DLL|Win32 = Debug DLL|Win32
		Debug DLL|x64 = Debug DLL|x64
		Debug Standalone|Win32 = Debug Standalone|Win32
		Debug Standalone|x64 = Debug Standalone|x64
		Release DLL|Win32 = Release DLL|Win32
		Release DLL|x64 = Release DLL|x64
		Release Standalone|Win32 = Release Standalone|Win32
		Release Standalone|x64 = Release Standalone|x64
		Test DLL|Win32 = Test DLL|Win32
		Test DLL|x64 = Test DLL|x64
		Test Standalone|Win32 = Test Standalone|Win32
		Test Standalone|x64 = Test Standalone|x64
	EndGlobalSection
	GlobalSection(ProjectConfigurationPlatforms) = postSolution
		{015FB121-6122-4A00-BFBB-545E9E73ABEE}.Debug DLL|Win32.ActiveCfg = Debug DLL|Win32
		{015FB121-6122-4A00-BFBB-545E9E73ABEE}.Debug DLL|Win32.Build.0 = Debug DLL|Win32
		{015FB121-6122-4A00-BFBB-545E9E73ABEE}.Debug DLL|x64.ActiveCfg = Debug DLL|x64
		{015FB121-6122-4A00-BFBB-545E9E73ABEE}.Debug DLL|x64.Build.0 = Debug DLL|x64
		{015FB121-6122-4A00-BFBB-545E9E73ABEE}.Debug Standalone|Win32.ActiveCfg = Debug Standalone|Win32
		{015FB121-6122-4A00-BFBB-545E9E73ABEE}.Debug Standalone|Win32.Build.0 = Debug Standalone|Win32
		{015FB121-6122-4A00-BFBB-545E9E73ABEE}.Debug Standalone|x64.ActiveCfg = Debug Standalone|x64
		{015FB121-6122-4A00-BFBB-545E9E73ABEE}.Debug Standalone|x64.Build.0 = Debug Standalone|x64
		{015FB121-6122-4A00-BFBB-545E9E73ABEE}.Release DLL|Win32.ActiveCfg = Release DLL|Win32
		{015FB121-6122-4A00-BFBB-545E9E73ABEE}.Release DLL|Win32.Build.0 = Release DLL|Win32
		{015FB121-6122-4A00-BFBB-545E9E73ABEE}.Release DLL|x64.ActiveCfg = Release DLL|x64
		{015FB121-6122-4A00-BFBB-545E9E73ABEE}.Release DLL|x64.Build.0 = Release DLL|x64
		{015FB121-6122-4A00-BFBB-545E9E73ABEE}.Release Standalone|Win32.ActiveCfg = Release Standalone|Win32
		{015FB121-6122-4A00-BFBB-545E9E73ABEE}.Release Standalone|Win32.Build.0 = Release Standalone|Win32
		{015FB121-6122-4A00-BFBB-545E9E73ABEE}.Release Standalone|x64.ActiveCfg = Release Standalone|x64
		{015FB121-6122-4A00-BFBB-545E9E73ABEE}.Release Standalone|x64.Build.0 = Release Standalone|x64
		{015FB121-6122-4A00-BFBB-545E9E73ABEE}.Test DLL|Win32.ActiveCfg = Test DLL|Win32
		{015FB121-6122-4A00-BFBB-545E9E73ABEE}.Test DLL|Win32.Build.0 = Test DLL|Win32
		{015FB121-6122-4A00-BFBB-545E9E73ABEE}.Test DLL|x64.ActiveCfg = Test DLL|x64
		{015FB121-6122-4A00-BFBB-545E9E73ABEE}.Test DLL|x64.Build.0 = Test DLL|x64
		{015FB121-6122-4A00-BFBB-545E9E73ABEE}.Test Standalone|Win32.ActiveCfg = Test Standalone|Win32
		{015FB121-6122-4A00-BFBB-545E9E73ABEE}.Test Standalone|Win32.Build.0 = Test Standalone|Win32
		{015FB121-6122-4A00-BFBB-545E9E73ABEE}.Test Standalone|x64.ActiveCfg = Test Standalone|x64
		{015FB121-6122-4A00-BFBB-545E9E73ABEE}.Test Standalone|x64.Build.0 = Test Standalone|x64
		{48CE7676-DCB3-41F2-BED9-313D6FF57A97}.Debug DLL|Win32.ActiveCfg = Debug DLL|Win32
		{48CE7676-DCB3-41F2-BED9-313D6FF57A97}.Debug DLL|Win32.Build.0 = Debug DLL|Win32
		{48CE7676-DCB3-41F2-BED9-313D6FF57A97}.Debug DLL|x64.ActiveCfg = Debug DLL|x64
		{48CE7676-DCB3-41F2-BED9-313D6FF57A97}.Debug DLL|x64.Build.0 = Debug DLL|x64
		{48CE7676-DCB3-41F2-BED9-313D6FF57A97}.Debug Standalone|Win32.ActiveCfg = Debug Standalone|Win32
		{48CE7676-DCB3-41F2-BED9-313D6FF57A97}.Debug Standalone|Win32.Build.0 = Debug Standalone|Win32
		{48CE7676-DCB3-41F2-BED9-313D6FF57A97}.Debug Standalone|x64.ActiveCfg = Debug Standalone|x64
		{48CE7676-DCB3-41F2-BED9-313D6FF57A97}.Debug Standalone|x64.Build.0 = Debug Standalone|x64
		{48CE7676-DCB3-41F2-BED9-313D6FF57A97}.Release DLL|Win32.ActiveCfg = Release DLL|Win32
		{48CE7676-DCB3-41F2-BED9-313D6FF57A97}.Release DLL|Win32.Build.0 = Release DLL|Win32
		{48CE7676-DCB3-41F2-BED9-313D6FF57A97}.Release DLL|x64.ActiveCfg = Release DLL|x64
		{48CE7676-DCB3-41F2-BED9-313D6FF57A97}.Release DLL|x64.Build.0 = Release DLL|x64
		{48CE7676-DCB3-41F2-BED9-313D6FF57A97}.Release Standalone|Win32.ActiveCfg = Release Standalone|Win32
		{48CE7676-DCB3-41F2-BED9-313D6FF57A97}.Release Standalone|Win32.Build.0 = Release Standalone|Win32
		{48CE7676-DCB3-41F2-BED9-313D6FF57A97}.Release Standalone|x64.ActiveCfg = Release Standalone|x64
		{48CE7676-DCB3-41F2-BED9-313D6FF57A97}.Release Standalone|x64.Build.0 = Release Standalone|x64
		{48CE7676-DCB3-41F2-BED9-313D6FF57A97}.Test DLL|Win32.ActiveCfg = Test DLL|Win32
		{48CE7676-DCB3-41F2-BED9-313D6FF57A97}.Test DLL|Win32.Build.0 = Test DLL|Win32
		{48CE7676-DCB3-41F2-BED9-313D6FF57A97}.Test DLL|x64.ActiveCfg = Test DLL|x64
		{48CE7676-DCB3-41F2-BED9-313D6FF57A97}.Test DLL|x64.Build.0 = Test DLL|x64
		{48CE7676-DCB3-41F2-BED9-313D6FF57A97}.Test Standalone|Win32.ActiveCfg = Test Standalone|Win32
		{48CE7676-DCB3-41F2-BED9-313D6FF57A97}.Test Standalone|Win32.Build.0 = Test Standalone|Win32
		{48CE7676-DCB3-41F2-BED9-313D6FF57A97}.Test Standalone|x64.ActiveCfg = Test Standalone|x64
		{48CE7676-DCB3-41F2-BED9-313D6FF57A97}.Test Standalone|x64.Build.0 = Test Standalone|x64
		{A2C9BF31-4AAD-4AD2-B975-2695E30C055B}.Debug DLL|Win32.ActiveCfg = Debug DLL|Win32
		{A2C9BF31-4AAD-4AD2-B975-2695E30C055B}.Debug DLL|Win32.Build.0 = Debug DLL|Win32
		{A2C9BF31-4AAD-4AD2-B975-2695E30C055B}.Debug DLL|x64.ActiveCfg = Debug DLL|x64
		{A2C9BF31-4AAD-4AD2-B975-2695E30C055B}.Debug DLL|x64.Build.0 = Debug DLL|x64
		{A2C9BF31-4AAD-4AD2-B975-2695E30C055B}.Debug Standalone|Win32.ActiveCfg = Debug Standalone|Win32
		{A2C9BF31-4AAD-4AD2-B975-2695E30C055B}.Debug Standalone|Win32.Build.0 = Debug Standalone|Win32
		{A2C9BF31-4AAD-4AD2-B975-2695E30C055B}.Debug Standalone|x64.ActiveCfg = Debug Standalone|x64
		{A2C9BF31-4AAD-4AD2-B975-2695E30C055B}.Debug Standalone|x64.Build.0 = Debug Standalone|x64
		{A2C9BF31-4AAD-4AD2-B975-2695E30C055B}.Release DLL|Win32.ActiveCfg = Release DLL|Win32
		{A2C9BF31-4AAD-4AD2-B975-2695E30C055B}.Release DLL|Win32.Build.0 = Release DLL|Win32
		{A2C9BF31-4AAD-4AD2-B975-2695E30C055B}.Release DLL|x64.ActiveCfg = Release DLL|x64
		{A2C9BF31-4AAD-4AD2-B975-2695E30C055B}.Release DLL|x64.Build.0 = Release DLL|x64
		{A2C9BF31-4AAD-4AD2-B975-2695E30C055B}.Release Standalone|Win32.ActiveCfg = Release Standalone|Win32
		{A2C9BF31-4AAD-4AD2-B975-2695E30C055B}.Release Standalone|Win32.Build.0 = Release Standalone|Win32
		{A2C9BF31-4AAD-4AD2-B975-2695E30C055B}.Release Standalone|x64.ActiveCfg = Release Standalone|x64
		{A2C9BF31-4AAD-4AD2-B975-2695E30C055B}.Release Standalone|x64.Build.0 = Release Standalone|x64
		{A2C9BF31-4AAD-4AD2-B975-2695E30C055B}.Test DLL|Win32.ActiveCfg = Test DLL|Win32
		{A2C9BF31-4AAD-4AD2-B975-2695E30C055B}.Test DLL|Win32.Build.0 = Test DLL|Win32
		{A2C9BF31-4AAD-4AD2-B975-2695E30C055B}.Test DLL|x64.ActiveCfg = Test DLL|x64
		{A2C9BF31-4AAD-4AD2-B975-2695E30C055B}.Test DLL|x64.Build.0 = Test DLL|x64
		{A2C9BF31-4AAD-4AD2-B975-2695E30C055B}.Test Standalone|Win32.ActiveCfg = Test Standalone|Win32
		{A2C9BF31-4AAD-4AD2-B975-2695E30C055B}.Test Standalone|Win32.Build.0 = Test Standalone|Win32
		{A2C9BF31-4AAD-4AD2-B975-2695E30C055B}.Test Standalone|x64.ActiveCfg = Test Standalone|x64
		{A2C9BF31-4AAD-4AD2-B975-2695E30C055B}.Test Standalone|x64.Build.0 = Test Standalone|x64
		{3E0187E3-F6E3-48E3-A0E4-1E454B0E7F40}.Debug DLL|Win32.ActiveCfg = Debug DLL|Win32
		{3E0187E3-F6E3-48E3-A0E4-1E454B0E7F40}.Debug DLL|Win32.Build.0 = Debug DLL|Win32
		{3E0187E3-F6E3-48E3-A0E4-1E454B0E7F40}.Debug DLL|x64.ActiveCfg = Debug DLL|x64
		{3E0187E3-F6E3-48E3-A0E4-1E454B0E7F40}.Debug DLL|x64.Build.0 = Debug DLL|x64
		{3E0187E3-F6E3-48E3-A0E4-1E454B0E7F40}.Debug Standalone|Win32.ActiveCfg = Debug Standalone|Win32
		{3E0187E3-F6E3-48E3-A0E4-1E454B0E7F40}.Debug Standalone|Win32.Build.0 = Debug Standalone|Win32
		{3E0187E3-F6E3-48E3-A0E4-1E454B0E7F40}.Debug Standalone|x64.ActiveCfg = Debug Standalone|x64
		{3E0187E3-F6E3-48E3-A0E4-1E454B0E7F40}.Debug Standalone|x64.Build.0 = Debug Standalone|x64
		{3E0187E3-F6E3-48E3-A0E4-1E454B0E7F40}.Release DLL|Win32.ActiveCfg = Release DLL|Win32
		{3E0187E3-F6E3-48E3-A0E4-1E454B0E7F40}.Release DLL|Win32.Build.0 = Release DLL|Win32
		{3E0187E3-F6E3-48E3-A0E4-1E454B0E7F40}.Release DLL|x64.ActiveCfg = Release DLL|x64
		{3E0187E3-F6E3-48E3-A0E4-1E454B0E7F40}.Release DLL|x64.Build.0 = Release DLL|x64
		{3E0187E3-F6E3-48E3-A0E4-1E454B0E7F40}.Release Standalone|Win32.ActiveCfg = Release Standalone|Win32
		{3E0187E3-F6E3-48E3-A0E4-1E454B0E7F40}.Release Standalone|Win32.Build.0 = Release Standalone|Win32
		{3E0187E3-F6E3-48E3-A0E4-1E454B0E7F40}.Release Standalone|x64.ActiveCfg = Release Standalone|x64
		{3E0187E3-F6E3-48E3-A0E4-1E454B0E7F40}.Release Standalone|x64.Build.0 = Release Standalone|x64
		{3E0187E3-F6E3-48E3-A0E4-1E454B0E7F40}.Test DLL|Win32.ActiveCfg = Test DLL|Win32
		{3E0187E3-F6E3-48E3-A0E4-1E454B0E7F40}.Test DLL|Win32.Build.0 = Test DLL|Win32
		{3E0187E3-F6E3-48E3-A0E4-1E454B0E7F40}.Test DLL|x64.ActiveCfg = Test DLL|x64
		{3E0187E3-F6E3-48E3-A0E4-1E454B0E7F40}.Test DLL|x64.Build.0 = Test DLL|x64
		{3E0187E3-F6E3-48E3-A0E4-1E454B0E7F40}.Test Standalone|Win32.ActiveCfg = Test Standalone|Win32
		{3E0187E3-F6E3-48E3-A0E4-1E454B0E7F40}.Test Standalone|Win32.Build.0 = Test Standalone|Win32
		{3E0187E3-F6E3-48E3-A0E4-1E454B0E7F40}.Test Standalone|x64.ActiveCfg = Test Standalone|x64
		{3E0187E3-F6E3-48E3-A0E4-1E454B0E7F40}.Test Standalone|x64.Build.0 = Test Standalone|x64
		{333A992A-036E-4C3B-A116-C44E748CBF21}.Debug DLL|Win32.ActiveCfg = Debug DLL|Win32
		{333A992A-036E-4C3B-A116-C44E748CBF21}.Debug DLL|x64.ActiveCfg = Debug DLL|x64
		{333A992A-036E-4C3B-A116-C44E748CBF21}.Debug Standalone|Win32.ActiveCfg = Debug Standalone|Win32
		{333A992A-036E-4C3B-A116-C44E748CBF21}.Debug Standalone|Win32.Build.0 = Debug Standalone|Win32
		{333A992A-036E-4C3B-A116-C44E748CBF21}.Debug Standalone|x64.ActiveCfg = Debug Standalone|x64
		{333A992A-036E-4C3B-A116-C44E748CBF21}.Debug Standalone|x64.Build.0 = Debug Standalone|x64
		{333A992A-036E-4C3B-A116-C44E748CBF21}.Release DLL|Win32.ActiveCfg = Release DLL|Win32
		{333A992A-036E-4C3B-A116-C44E748CBF21}.Release DLL|x64.ActiveCfg = Release DLL|x64
		{333A992A-036E-4C3B-A116-C44E748CBF21}.Release Standalone|Win32.ActiveCfg = Release Standalone|Win32
		{333A992A-036E-4C3B-A116-C44E748CBF21}.Release Standalone|Win32.Build.0 = Release Standalone|Win32
		{333A992A-036E-4C3B-A116-C44E748CBF21}.Release Standalone|x64.ActiveCfg = Release Standalone|x64
		{333A992A-036E-4C3B-A116-C44E748CBF21}.Release Standalone|x64.Build.0 = Release Standalone|x64
		{333A992A-036E-4C3B-A116-C44E748CBF21}.Test DLL|Win32.ActiveCfg = Test DLL|Win32
		{333A992A-036E-4C3B-A116-C44E748CBF21}.Test DLL|x64.ActiveCfg = Test DLL|x64
		{333A992A-036E-4C3B-A116-C44E748CBF21}.Test Standalone|Win32.ActiveCfg = Test Standalone|Win32
		{333A992A-036E-4C3B-A116-C44E748CBF21}.Test Standalone|Win32.Build.0 = Test Standalone|Win32
		{333A992A-036E-4C3B-A116-C44E748CBF21}.Test Standalone|x64.ActiveCfg = Test Standalone|x64
		{333A992A-036E-4C3B-A116-C44E748CBF21}.Test Standalone|x64.Build.0 = Test Standalone|x64
		{6884DFB9-D84C-4F37-853F-79565671A1E3}.Debug DLL|Win32.ActiveCfg = Debug DLL|Win32
		{6884DFB9-D84C-4F37-853F-79565671A1E3}.Debug DLL|Win32.Build.0 = Debug DLL|Win32
		{6884DFB9-D84C-4F37-853F-79565671A1E3}.Debug DLL|x64.ActiveCfg = Debug DLL|x64
		{6884DFB9-D84C-4F37-853F-79565671A1E3}.Debug DLL|x64.Build.0 = Debug DLL|x64
		{6884DFB9-D84C-4F37-853F-79565671A1E3}.Debug Standalone|Win32.ActiveCfg = Debug Standalone|Win32
		{6884DFB9-D84C-4F37-853F-79565671A1E3}.Debug Standalone|Win32.Build.0 = Debug Standalone|Win32
		{6884DFB9-D84C-4F37-853F-79565671A1E3}.Debug Standalone|x64.ActiveCfg = Debug Standalone|x64
		{6884DFB9-D84C-4F37-853F-79565671A1E3}.Debug Standalone|x64.Build.0 = Debug Standalone|x64
		{6884DFB9-D84C-4F37-853F-79565671A1E3}.Release DLL|Win32.ActiveCfg = Release DLL|Win32
		{6884DFB9-D84C-4F37-853F-79565671A1E3}.Release DLL|Win32.Build.0 = Release DLL|Win32
		{6884DFB9-D84C-4F37-853F-79565671A1E3}.Release DLL|x64.ActiveCfg = Release DLL|x64
		{6884DFB9-D84C-4F37-853F-79565671A1E3}.Release DLL|x64.Build.0 = Release DLL|x64
		{6884DFB9-D84C-4F37-853F-79565671A1E3}.Release Standalone|Win32.ActiveCfg = Release Standalone|Win32
		{6884DFB9-D84C-4F37-853F-79565671A1E3}.Release Standalone|Win32.Build.0 = Release Standalone|Win32
		{6884DFB9-D84C-4F37-853F-79565671A1E3}.Release Standalone|x64.ActiveCfg = Release Standalone|x64
		{6884DFB9-D84C-4F37-853F-79565671A1E3}.Release Standalone|x64.Build.0 = Release Standalone|x64
		{6884DFB9-D84C-4F37-853F-79565671A1E3}.Test DLL|Win32.ActiveCfg = Test DLL|Win32
		{6884DFB9-D84C-4F37-853F-79565671A1E3}.Test DLL|Win32.Build.0 = Test DLL|Win32
		{6884DFB9-D84C-4F37-853F-79565671A1E3}.Test DLL|x64.ActiveCfg = Test DLL|x64
		{6884DFB9-D84C-4F37-853F-79565671A1E3}.Test DLL|x64.Build.0 = Test DLL|x64
		{6884DFB9-D84C-4F37-853F-79565671A1E3}.Test Standalone|Win32.ActiveCfg = Test Standalone|Win32
		{6884DFB9-D84C-4F37-853F-79565671A1E3}.Test Standalone|Win32.Build.0 = Test Standalone|Win32
		{6884DFB9-D84C-4F37-853F-79565671A1E3}.Test Standalone|x64.ActiveCfg = Test Standalone|x64
		{6884DFB9-D84C-4F37-853F-79565671A1E3}.Test Standalone|x64.Build.0 = Test Standalone|x64
		{AF773219-8D87-4958-A567-4BCB72272E51}.Debug DLL|Win32.ActiveCfg = Debug DLL|Win32
		{AF773219-8D87-4958-A567-4BCB72272E51}.Debug DLL|x64.ActiveCfg = Debug DLL|x64
		{AF773219-8D87-4958-A567-4BCB72272E51}.Debug Standalone|Win32.ActiveCfg = Debug Standalone|Win32
		{AF773219-8D87-4958-A567-4BCB72272E51}.Debug Standalone|Win32.Build.0 = Debug Standalone|Win32
		{AF773219-8D87-4958-A567-4BCB72272E51}.Debug Standalone|x64.ActiveCfg = Debug Standalone|x64
		{AF773219-8D87-4958-A567-4BCB72272E51}.Release DLL|Win32.ActiveCfg = Release DLL|Win32
		{AF773219-8D87-4958-A567-4BCB72272E51}.Release DLL|x64.ActiveCfg = Release DLL|x64
		{AF773219-8D87-4958-A567-4BCB72272E51}.Release Standalone|Win32.ActiveCfg = Release Standalone|Win32
		{AF773219-8D87-4958-A567-4BCB72272E51}.Release Standalone|Win32.Build.0 = Release Standalone|Win32
		{AF773219-8D87-4958-A567-4BCB72272E51}.Release Standalone|x64.ActiveCfg = Release Standalone|x64
		{AF773219-8D87-4958-A567-4BCB72272E51}.Test DLL|Win32.ActiveCfg = Test DLL|Win32
		{AF773219-8D87-4958-A567-4BCB72272E51}.Test DLL|x64.ActiveCfg = Test DLL|x64
		{AF773219-8D87-4958-A567-4BCB72272E51}.Test Standalone|Win32.ActiveCfg = Test Standalone|Win32
		{AF773219-8D87-4958-A567-4BCB72272E51}.Test Standalone|Win32.Build.0 = Test Standalone|Win32
		{AF773219-8D87-4958-A567-4BCB72272E51}.Test Standalone|x64.ActiveCfg = Test Standalone|x64
		{C86383E0-0A73-41E0-8263-9E05B608CE55}.Debug DLL|Win32.ActiveCfg = Debug DLL|Win32
		{C86383E0-0A73-41E0-8263-9E05B608CE55}.Debug DLL|Win32.Build.0 = Debug DLL|Win32
		{C86383E0-0A73-41E0-8263-9E05B608CE55}.Debug DLL|x64.ActiveCfg = Debug DLL|x64
		{C86383E0-0A73-41E0-8263-9E05B608CE55}.Debug DLL|x64.Build.0 = Debug DLL|x64
		{C86383E0-0A73-41E0-8263-9E05B608CE55}.Debug Standalone|Win32.ActiveCfg = Debug Standalone|Win32
		{C86383E0-0A73-41E0-8263-9E05B608CE55}.Debug Standalone|Win32.Build.0 = Debug Standalone|Win32
		{C86383E0-0A73-41E0-8263-9E05B608CE55}.Debug Standalone|x64.ActiveCfg = Debug Standalone|x64
		{C86383E0-0A73-41E0-8263-9E05B608CE55}.Debug Standalone|x64.Build.0 = Debug Standalone|x64
		{C86383E0-0A73-41E0-8263-9E05B608CE55}.Release DLL|Win32.ActiveCfg = Release DLL|Win32
		{C86383E0-0A73-41E0-8263-9E05B608CE55}.Release DLL|Win32.Build.0 = Release DLL|Win32
		{C86383E0-0A73-41E0-8263-9E05B608CE55}.Release DLL|x64.ActiveCfg = Release DLL|x64
		{C86383E0-0A73-41E0-8263-9E05B608CE55}.Release DLL|x64.Build.0 = Release DLL|x64
		{C86383E0-0A73-41E0-8263-9E05B608CE55}.Release Standalone|Win32.ActiveCfg = Release Standalone|Win32
		{C86383E0-0A73-41E0-8263-9E05B608CE55}.Release Standalone|Win32.Build.0 = Release Standalone|Win32
		{C86383E0-0A73-41E0-8263-9E05B608CE55}.Release Standalone|x64.ActiveCfg = Release Standalone|x64
		{C86383E0-0A73-41E0-8263-9E05B608CE55}.Release Standalone|x64.Build.0 = Release Standalone|x64
		{C86383E0-0A73-41E0-8263-9E05B608CE55}.Test DLL|Win32.ActiveCfg = Test DLL|Win32
		{C86383E0-0A73-41E0-8263-9E05B608CE55}.Test DLL|Win32.Build.0 = Test DLL|Win32
		{C86383E0-0A73-41E0-8263-9E05B608CE55}.Test DLL|x64.ActiveCfg = Test DLL|x64
		{C86383E0-0A73-41E0-8263-9E05B608CE55}.Test DLL|x64.Build.0 = Test DLL|x64
		{C86383E0-0A73-41E0-8263-9E05B608CE55}.Test Standalone|Win32.ActiveCfg = Test Standalone|Win32
		{C86383E0-0A73-41E0-8263-9E05B608CE55}.Test Standalone|Win32.Build.0 = Test Standalone|Win32
		{C86383E0-0A73-41E0-8263-9E05B608CE55}.Test Standalone|x64.ActiveCfg = Test Standalone|x64
		{C86383E0-0A73-41E0-8263-9E05B608CE55}.Test Standalone|x64.Build.0 = Test Standalone|x64
	EndGlobalSection
	GlobalSection(SolutionProperties) = preSolution
		HideSolutionNode = FALSE
	EndGlobalSection
	GlobalSection(NestedProjects) = preSolution
		{3E0187E3-F6E3-48E3-A0E4-1E454B0E7F40} = {0472C2A4-F2BB-48CC-A6FE-32B792EE621D}
		{C86383E0-0A73-41E0-8263-9E05B608CE55} = {0472C2A4-F2BB-48CC-A6FE-32B792EE621D}
	EndGlobalSection
EndGlobal
