<?xml version="1.0" encoding="utf-8"?>
<Project ToolsVersion="4.0" xmlns="http://schemas.microsoft.com/developer/msbuild/2003">
  <ItemGroup>
    <Filter Include="Source Files">
      <UniqueIdentifier>{4FC737F1-C7A5-4376-A066-2A32D752A2FF}</UniqueIdentifier>
      <Extensions>cpp;c;cc;cxx;def;odl;idl;hpj;bat;asm;asmx</Extensions>
    </Filter>
    <Filter Include="Header Files">
      <UniqueIdentifier>{93995380-89BD-4b04-88EB-625FBE52EBFB}</UniqueIdentifier>
      <Extensions>h;hpp;hxx;hm;inl;inc;xsd</Extensions>
    </Filter>
    <Filter Include="Form Files">
      <UniqueIdentifier>{99349809-55BA-4b9d-BF79-8FDBB0286EB3}</UniqueIdentifier>
      <Extensions>ui</Extensions>
      <ParseFiles>true</ParseFiles>
    </Filter>
    <Filter Include="Generated Files">
      <UniqueIdentifier>{71ED8ED8-ACB9-4CE9-BBE1-E00B30144E11}</UniqueIdentifier>
      <Extensions>moc;h;cpp</Extensions>
      <ParseFiles>true</ParseFiles>
    </Filter>
    <Filter Include="Generated Files\Release DLL">
      <UniqueIdentifier>{fc218318-b1b7-405e-8997-40d4d323fff2}</UniqueIdentifier>
      <Extensions>cpp;moc</Extensions>
      <SourceControlFiles>False</SourceControlFiles>
    </Filter>
    <Filter Include="Generated Files\Debug DLL">
      <UniqueIdentifier>{285a6774-fdfa-42e9-819a-f8f9c6f60382}</UniqueIdentifier>
      <Extensions>cpp;moc</Extensions>
      <SourceControlFiles>False</SourceControlFiles>
    </Filter>
    <Filter Include="Generated Files\Test DLL">
      <UniqueIdentifier>{66d4b372-6ab1-4fa4-bfcf-2283f00c83cf}</UniqueIdentifier>
      <Extensions>cpp;moc</Extensions>
      <SourceControlFiles>False</SourceControlFiles>
    </Filter>
    <Filter Include="Generated Files\Debug Standalone">
      <UniqueIdentifier>{5c3eea3d-cd2c-4359-86b5-fe4b5a32a973}</UniqueIdentifier>
      <Extensions>cpp;moc</Extensions>
      <SourceControlFiles>False</SourceControlFiles>
    </Filter>
    <Filter Include="Generated Files\Test Standalone">
      <UniqueIdentifier>{213cf4d9-5bd4-45c1-b456-78b41c21ade3}</UniqueIdentifier>
      <Extensions>cpp;moc</Extensions>
      <SourceControlFiles>False</SourceControlFiles>
    </Filter>
    <Filter Include="Generated Files\Release Standalone">
      <UniqueIdentifier>{7b4e81af-cac8-4087-8298-b21fedfdf2ab}</UniqueIdentifier>
      <Extensions>cpp;moc</Extensions>
      <SourceControlFiles>False</SourceControlFiles>
    </Filter>
  </ItemGroup>
  <ItemGroup>
    <ClCompile Include="Prec.cpp">
      <Filter>Source Files</Filter>
    </ClCompile>
    <ClCompile Include="..\..\Common\Assert.cpp">
      <Filter>Source Files</Filter>
    </ClCompile>
    <ClCompile Include="Version.cpp">
      <Filter>Source Files</Filter>
    </ClCompile>
    <ClCompile Include="GeneralSetupDialog.cpp">
      <Filter>Source Files</Filter>
    </ClCompile>
    <ClCompile Include="MultibrokerStrategy.cpp">
      <Filter>Source Files</Filter>
    </ClCompile>
    <ClCompile Include="MultiBrokerWidget.cpp">
      <Filter>Source Files</Filter>
    </ClCompile>
    <ClCompile Include="OperationContext.cpp">
      <Filter>Source Files</Filter>
    </ClCompile>
    <ClCompile Include="PositionController.cpp">
      <Filter>Source Files</Filter>
    </ClCompile>
    <ClCompile Include="StrategySetupDialog.cpp">
      <Filter>Source Files</Filter>
    </ClCompile>
    <ClCompile Include="TimersDialog.cpp">
      <Filter>Source Files</Filter>
    </ClCompile>
    <ClCompile Include="GeneratedFiles\Release DLL\moc_TimersDialog.cpp">
      <Filter>Generated Files\Release DLL</Filter>
    </ClCompile>
    <ClCompile Include="GeneratedFiles\Debug DLL\moc_TimersDialog.cpp">
      <Filter>Generated Files\Debug DLL</Filter>
    </ClCompile>
    <ClCompile Include="GeneratedFiles\Test DLL\moc_TimersDialog.cpp">
      <Filter>Generated Files\Test DLL</Filter>
    </ClCompile>
    <ClCompile Include="GeneratedFiles\Debug Standalone\moc_TimersDialog.cpp">
      <Filter>Generated Files\Debug Standalone</Filter>
    </ClCompile>
    <ClCompile Include="GeneratedFiles\Test Standalone\moc_TimersDialog.cpp">
      <Filter>Generated Files\Test Standalone</Filter>
    </ClCompile>
    <ClCompile Include="GeneratedFiles\Release Standalone\moc_TimersDialog.cpp">
      <Filter>Generated Files\Release Standalone</Filter>
    </ClCompile>
    <ClCompile Include="GeneratedFiles\Release DLL\moc_StrategySetupDialog.cpp">
      <Filter>Generated Files\Release DLL</Filter>
    </ClCompile>
    <ClCompile Include="GeneratedFiles\Debug DLL\moc_StrategySetupDialog.cpp">
      <Filter>Generated Files\Debug DLL</Filter>
    </ClCompile>
    <ClCompile Include="GeneratedFiles\Test DLL\moc_StrategySetupDialog.cpp">
      <Filter>Generated Files\Test DLL</Filter>
    </ClCompile>
    <ClCompile Include="GeneratedFiles\Debug Standalone\moc_StrategySetupDialog.cpp">
      <Filter>Generated Files\Debug Standalone</Filter>
    </ClCompile>
    <ClCompile Include="GeneratedFiles\Test Standalone\moc_StrategySetupDialog.cpp">
      <Filter>Generated Files\Test Standalone</Filter>
    </ClCompile>
    <ClCompile Include="GeneratedFiles\Release Standalone\moc_StrategySetupDialog.cpp">
      <Filter>Generated Files\Release Standalone</Filter>
    </ClCompile>
    <ClCompile Include="GeneratedFiles\Release DLL\moc_MultiBrokerWidget.cpp">
      <Filter>Generated Files\Release DLL</Filter>
    </ClCompile>
    <ClCompile Include="GeneratedFiles\Debug DLL\moc_MultiBrokerWidget.cpp">
      <Filter>Generated Files\Debug DLL</Filter>
    </ClCompile>
    <ClCompile Include="GeneratedFiles\Test DLL\moc_MultiBrokerWidget.cpp">
      <Filter>Generated Files\Test DLL</Filter>
    </ClCompile>
    <ClCompile Include="GeneratedFiles\Debug Standalone\moc_MultiBrokerWidget.cpp">
      <Filter>Generated Files\Debug Standalone</Filter>
    </ClCompile>
    <ClCompile Include="GeneratedFiles\Test Standalone\moc_MultiBrokerWidget.cpp">
      <Filter>Generated Files\Test Standalone</Filter>
    </ClCompile>
    <ClCompile Include="GeneratedFiles\Release Standalone\moc_MultiBrokerWidget.cpp">
      <Filter>Generated Files\Release Standalone</Filter>
    </ClCompile>
    <ClCompile Include="GeneratedFiles\Release DLL\moc_GeneralSetupDialog.cpp">
      <Filter>Generated Files\Release DLL</Filter>
    </ClCompile>
    <ClCompile Include="GeneratedFiles\Debug DLL\moc_GeneralSetupDialog.cpp">
      <Filter>Generated Files\Debug DLL</Filter>
    </ClCompile>
    <ClCompile Include="GeneratedFiles\Test DLL\moc_GeneralSetupDialog.cpp">
      <Filter>Generated Files\Test DLL</Filter>
    </ClCompile>
    <ClCompile Include="GeneratedFiles\Debug Standalone\moc_GeneralSetupDialog.cpp">
      <Filter>Generated Files\Debug Standalone</Filter>
    </ClCompile>
    <ClCompile Include="GeneratedFiles\Test Standalone\moc_GeneralSetupDialog.cpp">
      <Filter>Generated Files\Test Standalone</Filter>
    </ClCompile>
    <ClCompile Include="GeneratedFiles\Release Standalone\moc_GeneralSetupDialog.cpp">
      <Filter>Generated Files\Release Standalone</Filter>
    </ClCompile>
  </ItemGroup>
  <ItemGroup>
    <ResourceCompile Include="WilliamCarry.rc" />
  </ItemGroup>
  <ItemGroup>
    <CustomBuild Include="WilliamCarry.def" />
    <CustomBuild Include="Fwd.hpp">
      <Filter>Header Files</Filter>
    </CustomBuild>
    <CustomBuild Include="Prec.hpp">
      <Filter>Header Files</Filter>
    </CustomBuild>
    <CustomBuild Include="MultiBrokerWidget.ui">
      <Filter>Form Files</Filter>
    </CustomBuild>
    <CustomBuild Include="SetupDialog.ui">
      <Filter>Form Files</Filter>
    </CustomBuild>
    <CustomBuild Include="StrategySetupDialog.ui">
      <Filter>Form Files</Filter>
    </CustomBuild>
    <CustomBuild Include="TimersDialog.ui">
      <Filter>Form Files</Filter>
    </CustomBuild>
    <CustomBuild Include="GeneralSetupDialog.ui">
      <Filter>Form Files</Filter>
    </CustomBuild>
    <CustomBuild Include="TimersDialog.hpp">
      <Filter>Header Files</Filter>
    </CustomBuild>
    <CustomBuild Include="StrategySetupDialog.hpp">
      <Filter>Header Files</Filter>
    </CustomBuild>
    <CustomBuild Include="MultiBrokerWidget.hpp">
      <Filter>Header Files</Filter>
    </CustomBuild>
    <CustomBuild Include="GeneralSetupDialog.hpp">
      <Filter>Header Files</Filter>
    </CustomBuild>
  </ItemGroup>
  <ItemGroup>
    <ClInclude Include="GeneratedFiles\ui_MultiBrokerWidget.h">
      <Filter>Generated Files</Filter>
    </ClInclude>
    <ClInclude Include="GeneratedFiles\ui_SetupDialog.h">
      <Filter>Generated Files</Filter>
    </ClInclude>
    <ClInclude Include="GeneratedFiles\ui_StrategySetupDialog.h">
      <Filter>Generated Files</Filter>
    </ClInclude>
    <ClInclude Include="GeneratedFiles\ui_TimersDialog.h">
      <Filter>Generated Files</Filter>
    </ClInclude>
    <ClInclude Include="MultibrokerStrategy.hpp">
      <Filter>Header Files</Filter>
    </ClInclude>
    <ClInclude Include="OrderPolicy.hpp">
      <Filter>Header Files</Filter>
    </ClInclude>
    <ClInclude Include="PositionController.hpp">
      <Filter>Header Files</Filter>
    </ClInclude>
    <ClInclude Include="GeneratedFiles\ui_GeneralSetupDialog.h">
      <Filter>Generated Files</Filter>
    </ClInclude>
    <ClInclude Include="StrategySettings.hpp">
      <Filter>Header Files</Filter>
    </ClInclude>
    <ClInclude Include="OperationContext.hpp">
      <Filter>Header Files</Filter>
    </ClInclude>
  </ItemGroup>
</Project>