<?xml version="1.0" encoding="utf-8"?>
<Project ToolsVersion="4.0" xmlns="http://schemas.microsoft.com/developer/msbuild/2003">
  <ItemGroup>
    <Filter Include="Source Files">
      <UniqueIdentifier>{4FC737F1-C7A5-4376-A066-2A32D752A2FF}</UniqueIdentifier>
      <Extensions>cpp;c;cc;cxx;def;odl;idl;hpj;bat;asm;asmx</Extensions>
    </Filter>
    <Filter Include="Header Files">
      <UniqueIdentifier>{93995380-89BD-4b04-88EB-625FBE52EBFB}</UniqueIdentifier>
      <Extensions>h;hpp;hxx;hm;inl;inc;xsd</Extensions>
    </Filter>
    <Filter Include="Generated Files">
      <UniqueIdentifier>{71ED8ED8-ACB9-4CE9-BBE1-E00B30144E11}</UniqueIdentifier>
      <Extensions>moc;h;cpp</Extensions>
      <ParseFiles>true</ParseFiles>
    </Filter>
    <Filter Include="Generated Files\Release DLL">
      <UniqueIdentifier>{190ad8bf-9195-4d5d-ba73-33d6d0548e2c}</UniqueIdentifier>
      <Extensions>cpp;moc</Extensions>
      <SourceControlFiles>False</SourceControlFiles>
    </Filter>
    <Filter Include="Generated Files\Debug DLL">
      <UniqueIdentifier>{2d75fb6f-ca2e-4b11-9f24-93c4d1fb62af}</UniqueIdentifier>
      <Extensions>cpp;moc</Extensions>
      <SourceControlFiles>False</SourceControlFiles>
    </Filter>
    <Filter Include="Generated Files\Test DLL">
      <UniqueIdentifier>{8fc70d38-8faa-4e9a-9a84-f8062a563db6}</UniqueIdentifier>
      <Extensions>cpp;moc</Extensions>
      <SourceControlFiles>False</SourceControlFiles>
    </Filter>
    <Filter Include="Generated Files\Debug Standalone">
      <UniqueIdentifier>{c4e3f85d-0e6a-4712-a9d9-0b27bd28bce5}</UniqueIdentifier>
      <Extensions>cpp;moc</Extensions>
      <SourceControlFiles>False</SourceControlFiles>
    </Filter>
    <Filter Include="Generated Files\Test Standalone">
      <UniqueIdentifier>{b779194b-cf8f-4bb1-b460-6c1f226f4817}</UniqueIdentifier>
      <Extensions>cpp;moc</Extensions>
      <SourceControlFiles>False</SourceControlFiles>
    </Filter>
    <Filter Include="Generated Files\Release Standalone">
      <UniqueIdentifier>{5ff75d09-63b5-44c3-8ade-ea2f09f83ab4}</UniqueIdentifier>
      <Extensions>cpp;moc</Extensions>
      <SourceControlFiles>False</SourceControlFiles>
    </Filter>
    <Filter Include="Form Files">
      <UniqueIdentifier>{99349809-55BA-4b9d-BF79-8FDBB0286EB3}</UniqueIdentifier>
      <Extensions>ui</Extensions>
      <ParseFiles>true</ParseFiles>
    </Filter>
  </ItemGroup>
  <ItemGroup>
    <ClCompile Include="Prec.cpp">
      <Filter>Source Files</Filter>
    </ClCompile>
    <ClCompile Include="..\..\Common\Assert.cpp">
      <Filter>Source Files</Filter>
    </ClCompile>
    <ClCompile Include="Version.cpp">
      <Filter>Source Files</Filter>
    </ClCompile>
    <ClCompile Include="Strategy.cpp">
      <Filter>Source Files</Filter>
    </ClCompile>
    <ClCompile Include="Controller.cpp">
      <Filter>Source Files</Filter>
    </ClCompile>
    <ClCompile Include="Menu.cpp">
      <Filter>Source Files</Filter>
    </ClCompile>
    <ClCompile Include="GeneratedFiles\Release DLL\moc_StrategyWindow.cpp">
      <Filter>Generated Files\Release DLL</Filter>
    </ClCompile>
    <ClCompile Include="GeneratedFiles\Debug DLL\moc_StrategyWindow.cpp">
      <Filter>Generated Files\Debug DLL</Filter>
    </ClCompile>
    <ClCompile Include="GeneratedFiles\Test DLL\moc_StrategyWindow.cpp">
      <Filter>Generated Files\Test DLL</Filter>
    </ClCompile>
    <ClCompile Include="GeneratedFiles\Debug Standalone\moc_StrategyWindow.cpp">
      <Filter>Generated Files\Debug Standalone</Filter>
    </ClCompile>
    <ClCompile Include="GeneratedFiles\Test Standalone\moc_StrategyWindow.cpp">
      <Filter>Generated Files\Test Standalone</Filter>
    </ClCompile>
    <ClCompile Include="GeneratedFiles\Release Standalone\moc_StrategyWindow.cpp">
      <Filter>Generated Files\Release Standalone</Filter>
    </ClCompile>
    <ClCompile Include="StrategyWindow.cpp">
      <Filter>Source Files</Filter>
    </ClCompile>
    <ClCompile Include="LegSetSelectionDialog.cpp">
      <Filter>Source Files</Filter>
    </ClCompile>
    <ClCompile Include="GeneratedFiles\Release DLL\moc_LegSetSelectionDialog.cpp">
      <Filter>Generated Files\Release DLL</Filter>
    </ClCompile>
    <ClCompile Include="GeneratedFiles\Debug DLL\moc_LegSetSelectionDialog.cpp">
      <Filter>Generated Files\Debug DLL</Filter>
    </ClCompile>
    <ClCompile Include="GeneratedFiles\Test DLL\moc_LegSetSelectionDialog.cpp">
      <Filter>Generated Files\Test DLL</Filter>
    </ClCompile>
    <ClCompile Include="GeneratedFiles\Debug Standalone\moc_LegSetSelectionDialog.cpp">
      <Filter>Generated Files\Debug Standalone</Filter>
    </ClCompile>
    <ClCompile Include="GeneratedFiles\Test Standalone\moc_LegSetSelectionDialog.cpp">
      <Filter>Generated Files\Test Standalone</Filter>
    </ClCompile>
    <ClCompile Include="GeneratedFiles\Release Standalone\moc_LegSetSelectionDialog.cpp">
      <Filter>Generated Files\Release Standalone</Filter>
    </ClCompile>
    <ClCompile Include="Operation.cpp">
      <Filter>Source Files</Filter>
    </ClCompile>
    <ClCompile Include="Leg.cpp">
      <Filter>Source Files</Filter>
    </ClCompile>
    <ClCompile Include="OrderPolicy.cpp">
      <Filter>Source Files</Filter>
    </ClCompile>
    <ClCompile Include="PnlContainer.cpp">
      <Filter>Source Files</Filter>
    </ClCompile>
  </ItemGroup>
  <ItemGroup>
    <ClInclude Include="Prec.hpp">
      <Filter>Header Files</Filter>
    </ClInclude>
    <ClInclude Include="Fwd.hpp">
      <Filter>Header Files</Filter>
    </ClInclude>
    <ClInclude Include="Strategy.hpp">
      <Filter>Header Files</Filter>
    </ClInclude>
    <ClInclude Include="Controller.hpp">
      <Filter>Header Files</Filter>
    </ClInclude>
    <ClInclude Include="GeneratedFiles\ui_StrategyWindow.h">
      <Filter>Generated Files</Filter>
    </ClInclude>
    <ClInclude Include="Leg.hpp">
      <Filter>Header Files</Filter>
    </ClInclude>
    <ClInclude Include="GeneratedFiles\ui_LegSetSelectionDialog.h">
      <Filter>Generated Files</Filter>
    </ClInclude>
    <ClInclude Include="Operation.hpp">
      <Filter>Header Files</Filter>
    </ClInclude>
    <ClInclude Include="OrderPolicy.hpp">
      <Filter>Header Files</Filter>
    </ClInclude>
    <ClInclude Include="PnlContainer.hpp">
      <Filter>Header Files</Filter>
    </ClInclude>
  </ItemGroup>
  <ItemGroup>
    <ResourceCompile Include="TriangularArbitrage.rc" />
  </ItemGroup>
  <ItemGroup>
    <CustomBuild Include="StrategyWindow.hpp">
      <Filter>Header Files</Filter>
    </CustomBuild>
    <CustomBuild Include="StrategyWindow.ui">
      <Filter>Form Files</Filter>
    </CustomBuild>
    <CustomBuild Include="LegSetSelectionDialog.hpp">
      <Filter>Header Files</Filter>
    </CustomBuild>
    <CustomBuild Include="LegSetSelectionDialog.ui">
      <Filter>Form Files</Filter>
    </CustomBuild>
  </ItemGroup>
  <ItemGroup>
    <None Include="TriangularArbitrage.def" />
  </ItemGroup>
</Project>