<?xml version="1.0" encoding="utf-8"?>
<Project ToolsVersion="4.0" xmlns="http://schemas.microsoft.com/developer/msbuild/2003">
  <ItemGroup>
    <Filter Include="Source Files">
      <UniqueIdentifier>{4FC737F1-C7A5-4376-A066-2A32D752A2FF}</UniqueIdentifier>
      <Extensions>cpp;c;cc;cxx;def;odl;idl;hpj;bat;asm;asmx</Extensions>
    </Filter>
    <Filter Include="Header Files">
      <UniqueIdentifier>{93995380-89BD-4b04-88EB-625FBE52EBFB}</UniqueIdentifier>
      <Extensions>h;hh;hpp;hxx;hm;inl;inc;xsd</Extensions>
    </Filter>
    <Filter Include="Resource Files">
      <UniqueIdentifier>{D9D6E242-F8AF-46E4-B9FD-80ECBC20BA3E}</UniqueIdentifier>
      <Extensions>qrc;*</Extensions>
      <ParseFiles>false</ParseFiles>
    </Filter>
    <Filter Include="Resource Files">
      <UniqueIdentifier>{D9D6E242-F8AF-46E4-B9FD-80ECBC20BA3E}</UniqueIdentifier>
      <Extensions>qrc;*</Extensions>
      <ParseFiles>false</ParseFiles>
    </Filter>
    <Filter Include="Generated Files">
      <UniqueIdentifier>{71ED8ED8-ACB9-4CE9-BBE1-E00B30144E11}</UniqueIdentifier>
      <Extensions>moc;h;cpp</Extensions>
      <SourceControlFiles>False</SourceControlFiles>
    </Filter>
    <Filter Include="Form Files">
      <UniqueIdentifier>{4f51d48b-2afc-48dd-a2ea-70f869c420d8}</UniqueIdentifier>
      <Extensions>ui</Extensions>
    </Filter>
    <Filter Include="Generated Files\Debug Standalone">
      <UniqueIdentifier>{c28505a1-1c2e-4021-811d-1c9f7bf591c4}</UniqueIdentifier>
      <Extensions>cpp;moc</Extensions>
      <SourceControlFiles>False</SourceControlFiles>
    </Filter>
    <Filter Include="Generated Files\Test Standalone">
      <UniqueIdentifier>{9602e872-8142-42f7-b4bf-3304dd036f86}</UniqueIdentifier>
      <Extensions>cpp;moc</Extensions>
      <SourceControlFiles>False</SourceControlFiles>
    </Filter>
    <Filter Include="Generated Files\Release Standalone">
      <UniqueIdentifier>{74a1479a-ac5c-4eff-a7e1-d95d02f9b436}</UniqueIdentifier>
      <Extensions>cpp;moc</Extensions>
      <SourceControlFiles>False</SourceControlFiles>
    </Filter>
    <Filter Include="Libs">
      <UniqueIdentifier>{348e90aa-dd4c-411a-bc2d-cda46dd83014}</UniqueIdentifier>
      <Extensions>lib</Extensions>
    </Filter>
  </ItemGroup>
  <ItemGroup>
    <ClCompile Include="Prec.cpp">
      <Filter>Source Files</Filter>
    </ClCompile>
    <ClCompile Include="GeneratedFiles\Debug Standalone\moc_MultiBrokerWidget.cpp">
      <Filter>Generated Files\Debug Standalone</Filter>
    </ClCompile>
    <ClCompile Include="GeneratedFiles\Test Standalone\moc_MultiBrokerWidget.cpp">
      <Filter>Generated Files\Test Standalone</Filter>
    </ClCompile>
    <ClCompile Include="GeneratedFiles\Release Standalone\moc_MultiBrokerWidget.cpp">
      <Filter>Generated Files\Release Standalone</Filter>
    </ClCompile>
    <ClCompile Include="GeneratedFiles\Debug Standalone\moc_TimersDialog.cpp">
      <Filter>Generated Files\Debug Standalone</Filter>
    </ClCompile>
    <ClCompile Include="GeneratedFiles\Test Standalone\moc_TimersDialog.cpp">
      <Filter>Generated Files\Test Standalone</Filter>
    </ClCompile>
    <ClCompile Include="GeneratedFiles\Release Standalone\moc_TimersDialog.cpp">
      <Filter>Generated Files\Release Standalone</Filter>
    </ClCompile>
    <ClCompile Include="Version.cpp">
      <Filter>Source Files</Filter>
    </ClCompile>
    <ClCompile Include="MultiBrokerWidget.cpp">
      <Filter>Source Files</Filter>
    </ClCompile>
    <ClCompile Include="TimersDialog.cpp">
      <Filter>Source Files</Filter>
    </ClCompile>
  </ItemGroup>
  <ItemGroup>
    <ClInclude Include="Prec.hpp">
      <Filter>Header Files</Filter>
    </ClInclude>
    <ClInclude Include="GeneratedFiles\ui_TimersDialog.h">
      <Filter>Generated Files</Filter>
    </ClInclude>
    <ClInclude Include="GeneratedFiles\ui_MultiBrokerWidget.h">
      <Filter>Generated Files</Filter>
    </ClInclude>
  </ItemGroup>
  <ItemGroup>
    <ResourceCompile Include="Resources\WilliamCarryFrontEnd.rc">
      <Filter>Resource Files</Filter>
    </ResourceCompile>
  </ItemGroup>
  <ItemGroup>
    <None Include="WilliamCarryFrontEnd.def" />
  </ItemGroup>
  <ItemGroup>
    <CustomBuild Include="TimersDialog.ui">
      <Filter>Form Files</Filter>
    </CustomBuild>
    <CustomBuild Include="MultiBrokerWidget.ui">
      <Filter>Form Files</Filter>
    </CustomBuild>
    <CustomBuild Include="MultiBrokerWidget.hpp">
      <Filter>Header Files</Filter>
    </CustomBuild>
    <CustomBuild Include="TimersDialog.hpp">
      <Filter>Header Files</Filter>
    </CustomBuild>
  </ItemGroup>
  <ItemGroup>
    <Library Include="..\..\output\x64\lib\Release Standalone\WilliamCarryStrategies.lib">
      <Filter>Libs</Filter>
    </Library>
    <Library Include="..\..\output\x86\lib\Release Standalone\WilliamCarryStrategies.lib">
      <Filter>Libs</Filter>
    </Library>
    <Library Include="..\..\output\x64\lib\Debug Standalone\WilliamCarryStrategies_dbg.lib">
      <Filter>Libs</Filter>
    </Library>
    <Library Include="..\..\output\x86\lib\Debug Standalone\WilliamCarryStrategies_dbg.lib">
      <Filter>Libs</Filter>
    </Library>
    <Library Include="..\..\output\x64\lib\Test Standalone\WilliamCarryStrategies_test.lib">
      <Filter>Libs</Filter>
    </Library>
    <Library Include="..\..\output\x86\lib\Test Standalone\WilliamCarryStrategies_test.lib">
      <Filter>Libs</Filter>
    </Library>
  </ItemGroup>
</Project>