<?xml version="1.0" encoding="utf-8"?>
<Project ToolsVersion="4.0" xmlns="http://schemas.microsoft.com/developer/msbuild/2003">
  <ItemGroup>
    <Filter Include="Source Files">
      <UniqueIdentifier>{4FC737F1-C7A5-4376-A066-2A32D752A2FF}</UniqueIdentifier>
      <Extensions>cpp;c;cc;cxx;def;odl;idl;hpj;bat;asm;asmx</Extensions>
    </Filter>
    <Filter Include="Header Files">
      <UniqueIdentifier>{93995380-89BD-4b04-88EB-625FBE52EBFB}</UniqueIdentifier>
      <Extensions>h;hpp;hxx;hm;inl;inc;xsd</Extensions>
    </Filter>
  </ItemGroup>
  <ItemGroup>
    <ClCompile Include="Prec.cpp">
      <Filter>Source Files</Filter>
    </ClCompile>
    <ClCompile Include="FixProtocolClient.cpp">
      <Filter>Source Files</Filter>
    </ClCompile>
    <ClCompile Include="FixProtocolIncomingMessages.cpp">
      <Filter>Source Files</Filter>
    </ClCompile>
    <ClCompile Include="FixProtocolMarketDataSource.cpp">
      <Filter>Source Files</Filter>
    </ClCompile>
    <ClCompile Include="FixProtocolMessage.cpp">
      <Filter>Source Files</Filter>
    </ClCompile>
    <ClCompile Include="FixProtocolOutgoingMessages.cpp">
      <Filter>Source Files</Filter>
    </ClCompile>
    <ClCompile Include="FixProtocolSecurity.cpp">
      <Filter>Source Files</Filter>
    </ClCompile>
    <ClCompile Include="FixProtocolSettings.cpp">
      <Filter>Source Files</Filter>
    </ClCompile>
    <ClCompile Include="FixProtocolVersion.cpp">
      <Filter>Source Files</Filter>
    </ClCompile>
  </ItemGroup>
  <ItemGroup>
    <ClInclude Include="Prec.hpp">
      <Filter>Header Files</Filter>
    </ClInclude>
    <ClInclude Include="FixProtocolClient.hpp">
      <Filter>Header Files</Filter>
    </ClInclude>
    <ClInclude Include="FixProtocolIncomingMessages.hpp">
      <Filter>Header Files</Filter>
    </ClInclude>
    <ClInclude Include="FixProtocolMarketDataSource.hpp">
      <Filter>Header Files</Filter>
    </ClInclude>
    <ClInclude Include="FixProtocolMessage.hpp">
      <Filter>Header Files</Filter>
    </ClInclude>
    <ClInclude Include="FixProtocolMessageHandler.hpp">
      <Filter>Header Files</Filter>
    </ClInclude>
    <ClInclude Include="FixProtocolOutgoingMessages.hpp">
      <Filter>Header Files</Filter>
    </ClInclude>
    <ClInclude Include="FixProtocolPolicy.hpp">
      <Filter>Header Files</Filter>
    </ClInclude>
    <ClInclude Include="FixProtocolSecurity.hpp">
      <Filter>Header Files</Filter>
    </ClInclude>
    <ClInclude Include="FixProtocolSettings.hpp">
      <Filter>Header Files</Filter>
    </ClInclude>
    <ClInclude Include="FixProtocolApi.h">
      <Filter>Header Files</Filter>
    </ClInclude>
    <ClInclude Include="FixProtocolFwd.hpp">
      <Filter>Header Files</Filter>
    </ClInclude>
  </ItemGroup>
  <ItemGroup>
    <None Include="FixProtocol.def" />
  </ItemGroup>
  <ItemGroup>
    <ResourceCompile Include="FixProtocol.rc" />
  </ItemGroup>
</Project>