<?xml version="1.0" encoding="utf-8"?>
<Project ToolsVersion="4.0" xmlns="http://schemas.microsoft.com/developer/msbuild/2003">
  <ItemGroup>
    <Filter Include="Lib Files">
      <UniqueIdentifier>{64b2b82c-2968-4fd6-9840-89bfc058b819}</UniqueIdentifier>
      <Extensions>lib</Extensions>
    </Filter>
    <Filter Include="Mocks">
      <UniqueIdentifier>{67d44935-2554-4781-b7e2-20f7280d0316}</UniqueIdentifier>
      <Extensions>Mock*.cpp;Mock*.hpp;Mock*.h;</Extensions>
    </Filter>
    <Filter Include="Dummies">
      <UniqueIdentifier>{41fea1af-e367-461a-ad3e-7207c4030c41}</UniqueIdentifier>
    </Filter>
    <Filter Include="Unit Tests">
      <UniqueIdentifier>{4669332f-e99e-471a-92ee-eaecea72e893}</UniqueIdentifier>
    </Filter>
    <Filter Include="Func Tests">
      <UniqueIdentifier>{dc672552-1ea9-431f-a573-f527d7f12639}</UniqueIdentifier>
    </Filter>
  </ItemGroup>
  <ItemGroup>
    <ClInclude Include="MockContext.hpp">
      <Filter>Mocks</Filter>
    </ClInclude>
    <ClInclude Include="MockMarketDataSource.hpp">
      <Filter>Mocks</Filter>
    </ClInclude>
    <ClInclude Include="Prec.hpp" />
    <ClInclude Include="MockDropCopy.hpp">
      <Filter>Mocks</Filter>
    </ClInclude>
    <ClInclude Include="MockBarService.hpp">
      <Filter>Mocks</Filter>
    </ClInclude>
    <ClInclude Include="MockSecurity.hpp">
      <Filter>Mocks</Filter>
    </ClInclude>
    <ClInclude Include="DummyContext.hpp">
      <Filter>Dummies</Filter>
    </ClInclude>
    <ClInclude Include="DummyMarketDataSource.hpp">
      <Filter>Dummies</Filter>
    </ClInclude>
    <ClInclude Include="FuncTestList.hpp" />
    <ClInclude Include="MockService.hpp">
      <Filter>Mocks</Filter>
    </ClInclude>
    <ClInclude Include="..\Services\MovingAverageServiceMock.hpp">
      <Filter>Mocks</Filter>
    </ClInclude>
  </ItemGroup>
  <ItemGroup>
    <ClCompile Include="..\Services\MovingAverageServiceUTest.cpp">
      <Filter>Unit Tests</Filter>
    </ClCompile>
    <ClCompile Include="MockContext.cpp">
      <Filter>Mocks</Filter>
    </ClCompile>
    <ClCompile Include="MockMarketDataSource.cpp">
      <Filter>Mocks</Filter>
    </ClCompile>
    <ClCompile Include="Main.cpp" />
    <ClCompile Include="Prec.cpp" />
    <ClCompile Include="..\Services\BarCollectionServiceUTest.cpp">
      <Filter>Unit Tests</Filter>
    </ClCompile>
    <ClCompile Include="DummyContext.cpp">
      <Filter>Dummies</Filter>
    </ClCompile>
    <ClCompile Include="DummyMarketDataSource.cpp">
      <Filter>Dummies</Filter>
    </ClCompile>
    <ClCompile Include="..\Core\SecurityUTest.cpp">
      <Filter>Unit Tests</Filter>
    </ClCompile>
    <ClCompile Include="..\Common\SymbolUTest.cpp">
      <Filter>Unit Tests</Filter>
    </ClCompile>
    <ClCompile Include="..\Common\ExpirationCalendarUTest.cpp">
      <Filter>Unit Tests</Filter>
    </ClCompile>
    <ClCompile Include="..\Common\UtilUTest.cpp">
      <Filter>Unit Tests</Filter>
    </ClCompile>
    <ClCompile Include="..\Core\PriceBookUTest.cpp">
      <Filter>Unit Tests</Filter>
    </ClCompile>
    <ClCompile Include="FuncTestList.cpp" />
    <ClCompile Include="MockBarService.cpp">
      <Filter>Mocks</Filter>
    </ClCompile>
    <ClCompile Include="MockService.cpp">
      <Filter>Mocks</Filter>
    </ClCompile>
    <ClCompile Include="..\Services\MovingAverageServiceMock.cpp">
      <Filter>Mocks</Filter>
    </ClCompile>
    <ClCompile Include="..\Strategies\MrigeshKejriwal\MrigeshKejriwalStrategyUTest.cpp">
      <Filter>Unit Tests</Filter>
    </ClCompile>
  </ItemGroup>
  <ItemGroup>
    <ResourceCompile Include="Tests.rc" />
  </ItemGroup>
  <ItemGroup>
    <Library Include="..\..\output\x86\lib\Debug DLL\Services_dbg.lib">
      <Filter>Lib Files</Filter>
    </Library>
    <Library Include="..\..\output\x86\lib\Debug Standalone\Services_dbg.lib">
      <Filter>Lib Files</Filter>
    </Library>
    <Library Include="..\..\output\x86\lib\Test DLL\Services_test.lib">
      <Filter>Lib Files</Filter>
    </Library>
    <Library Include="..\..\output\x86\lib\Test Standalone\Services_test.lib">
      <Filter>Lib Files</Filter>
    </Library>
    <Library Include="..\..\output\x86\lib\Release DLL\Services.lib">
      <Filter>Lib Files</Filter>
    </Library>
    <Library Include="..\..\output\x86\lib\Release Standalone\Services.lib">
      <Filter>Lib Files</Filter>
    </Library>
    <Library Include="..\..\output\x64\lib\Debug DLL\Services_dbg.lib">
      <Filter>Lib Files</Filter>
    </Library>
    <Library Include="..\..\output\x64\lib\Debug Standalone\Services_dbg.lib">
      <Filter>Lib Files</Filter>
    </Library>
    <Library Include="..\..\output\x64\lib\Test DLL\Services_test.lib">
      <Filter>Lib Files</Filter>
    </Library>
    <Library Include="..\..\output\x64\lib\Test Standalone\Services_test.lib">
      <Filter>Lib Files</Filter>
    </Library>
    <Library Include="..\..\output\x64\lib\Release DLL\Services.lib">
      <Filter>Lib Files</Filter>
    </Library>
    <Library Include="..\..\output\x64\lib\Release Standalone\Services.lib">
      <Filter>Lib Files</Filter>
    </Library>
    <Library Include="..\..\output\x86\lib\Debug DLL\MrigeshKejriwal_dbg.lib">
      <Filter>Lib Files</Filter>
    </Library>
    <Library Include="..\..\output\x86\lib\Debug Standalone\MrigeshKejriwal_dbg.lib">
      <Filter>Lib Files</Filter>
    </Library>
    <Library Include="..\..\output\x86\lib\Test DLL\MrigeshKejriwal_test.lib">
      <Filter>Lib Files</Filter>
    </Library>
    <Library Include="..\..\output\x86\lib\Test Standalone\MrigeshKejriwal_test.lib">
      <Filter>Lib Files</Filter>
    </Library>
    <Library Include="..\..\output\x86\lib\Release DLL\MrigeshKejriwal.lib">
      <Filter>Lib Files</Filter>
    </Library>
    <Library Include="..\..\output\x86\lib\Release Standalone\MrigeshKejriwal.lib">
      <Filter>Lib Files</Filter>
    </Library>
    <Library Include="..\..\output\x64\lib\Debug DLL\MrigeshKejriwal_dbg.lib">
      <Filter>Lib Files</Filter>
    </Library>
    <Library Include="..\..\output\x64\lib\Debug Standalone\MrigeshKejriwal_dbg.lib">
      <Filter>Lib Files</Filter>
    </Library>
    <Library Include="..\..\output\x64\lib\Test DLL\MrigeshKejriwal_test.lib">
      <Filter>Lib Files</Filter>
    </Library>
    <Library Include="..\..\output\x64\lib\Test Standalone\MrigeshKejriwal_test.lib">
      <Filter>Lib Files</Filter>
    </Library>
    <Library Include="..\..\output\x64\lib\Release DLL\MrigeshKejriwal.lib">
      <Filter>Lib Files</Filter>
    </Library>
    <Library Include="..\..\output\x64\lib\Release Standalone\MrigeshKejriwal.lib">
      <Filter>Lib Files</Filter>
    </Library>
  </ItemGroup>
</Project>