<?xml version="1.0" encoding="utf-8"?>
<Project ToolsVersion="4.0" xmlns="http://schemas.microsoft.com/developer/msbuild/2003">
  <ItemGroup>
    <Filter Include="Lib Files">
      <UniqueIdentifier>{64b2b82c-2968-4fd6-9840-89bfc058b819}</UniqueIdentifier>
      <Extensions>lib</Extensions>
    </Filter>
    <Filter Include="Mocks">
      <UniqueIdentifier>{67d44935-2554-4781-b7e2-20f7280d0316}</UniqueIdentifier>
      <Extensions>Mock*.cpp;Mock*.hpp;Mock*.h;</Extensions>
    </Filter>
    <Filter Include="Tests">
      <UniqueIdentifier>{4669332f-e99e-471a-92ee-eaecea72e893}</UniqueIdentifier>
    </Filter>
  </ItemGroup>
  <ItemGroup>
    <ClInclude Include="MockContext.hpp">
      <Filter>Mocks</Filter>
    </ClInclude>
    <ClInclude Include="MockMarketDataSource.hpp">
      <Filter>Mocks</Filter>
    </ClInclude>
    <ClInclude Include="Prec.hpp" />
  </ItemGroup>
  <ItemGroup>
    <ClCompile Include="MovingAverageServiceTest.cpp">
      <Filter>Tests</Filter>
    </ClCompile>
    <ClCompile Include="BollingerBandsServiceTest.cpp">
      <Filter>Tests</Filter>
    </ClCompile>
    <ClCompile Include="PriceBookTest.cpp">
      <Filter>Tests</Filter>
    </ClCompile>
    <ClCompile Include="SecurityTest.cpp">
      <Filter>Tests</Filter>
    </ClCompile>
    <ClCompile Include="MockContext.cpp">
      <Filter>Mocks</Filter>
    </ClCompile>
    <ClCompile Include="MockMarketDataSource.cpp">
      <Filter>Mocks</Filter>
    </ClCompile>
    <ClCompile Include="Main.cpp" />
    <ClCompile Include="Prec.cpp" />
  </ItemGroup>
  <ItemGroup>
    <ResourceCompile Include="Tests.rc" />
  </ItemGroup>
  <ItemGroup>
    <None Include="Indicators.xlsx" />
  </ItemGroup>
</Project>