<?xml version="1.0" encoding="utf-8"?>
<Project ToolsVersion="4.0" xmlns="http://schemas.microsoft.com/developer/msbuild/2003">
  <ItemGroup>
    <Filter Include="Source Files">
      <UniqueIdentifier>{4FC737F1-C7A5-4376-A066-2A32D752A2FF}</UniqueIdentifier>
      <Extensions>cpp;c;cc;cxx;def;odl;idl;hpj;bat;asm;asmx</Extensions>
    </Filter>
    <Filter Include="Header Files">
      <UniqueIdentifier>{93995380-89BD-4b04-88EB-625FBE52EBFB}</UniqueIdentifier>
      <Extensions>h;hpp;hxx;hm;inl;inc;xsd</Extensions>
    </Filter>
    <Filter Include="Lib Files">
      <UniqueIdentifier>{0dc04927-2ec5-4467-9cd2-1f5977fcad7d}</UniqueIdentifier>
    </Filter>
  </ItemGroup>
  <ItemGroup>
    <ClInclude Include="Prec.hpp">
      <Filter>Header Files</Filter>
    </ClInclude>
    <ClInclude Include="Detail.hpp">
      <Filter>Header Files</Filter>
    </ClInclude>
    <ClInclude Include="Errors.hpp">
      <Filter>Header Files</Filter>
    </ClInclude>
    <ClInclude Include="Script.hpp">
      <Filter>Header Files</Filter>
    </ClInclude>
    <ClInclude Include="PositionExport.hpp">
      <Filter>Header Files</Filter>
    </ClInclude>
    <ClInclude Include="StrategyExport.hpp">
      <Filter>Header Files</Filter>
    </ClInclude>
    <ClInclude Include="SecurityExport.hpp">
      <Filter>Header Files</Filter>
    </ClInclude>
    <ClInclude Include="PythonToCoreTransit.hpp">
      <Filter>Header Files</Filter>
    </ClInclude>
    <ClInclude Include="ServiceExport.hpp">
      <Filter>Header Files</Filter>
    </ClInclude>
    <ClInclude Include="BaseExport.hpp">
      <Filter>Header Files</Filter>
    </ClInclude>
    <ClInclude Include="ObjectCache.hpp">
      <Filter>Header Files</Filter>
    </ClInclude>
    <ClInclude Include="Fwd.hpp">
      <Filter>Header Files</Filter>
    </ClInclude>
    <ClInclude Include="ModuleExport.hpp">
      <Filter>Header Files</Filter>
    </ClInclude>
    <ClInclude Include="ModuleSecurityListExport.hpp">
      <Filter>Header Files</Filter>
    </ClInclude>
    <ClInclude Include="PyPosition.hpp">
      <Filter>Header Files</Filter>
    </ClInclude>
    <ClInclude Include="PyService.hpp">
      <Filter>Header Files</Filter>
    </ClInclude>
    <ClInclude Include="PyStrategy.hpp">
      <Filter>Header Files</Filter>
    </ClInclude>
  </ItemGroup>
  <ItemGroup>
    <ClCompile Include="Prec.cpp">
      <Filter>Source Files</Filter>
    </ClCompile>
    <ClCompile Include="Script.cpp">
      <Filter>Source Files</Filter>
    </ClCompile>
    <ClCompile Include="PositionExport.cpp">
      <Filter>Source Files</Filter>
    </ClCompile>
    <ClCompile Include="SecurityExport.cpp">
      <Filter>Source Files</Filter>
    </ClCompile>
    <ClCompile Include="StrategyExport.cpp">
      <Filter>Source Files</Filter>
    </ClCompile>
    <ClCompile Include="ServiceExport.cpp">
      <Filter>Source Files</Filter>
    </ClCompile>
    <ClCompile Include="BaseExport.cpp">
      <Filter>Source Files</Filter>
    </ClCompile>
    <ClCompile Include="ModuleExport.cpp">
      <Filter>Source Files</Filter>
    </ClCompile>
    <ClCompile Include="Detail.cpp">
      <Filter>Source Files</Filter>
    </ClCompile>
    <ClCompile Include="ModuleSecurityListExport.cpp">
      <Filter>Source Files</Filter>
    </ClCompile>
    <ClCompile Include="PyService.cpp">
      <Filter>Source Files</Filter>
    </ClCompile>
    <ClCompile Include="PyStrategy.cpp">
      <Filter>Source Files</Filter>
    </ClCompile>
  </ItemGroup>
  <ItemGroup>
    <None Include="PyApi.def">
      <Filter>Header Files</Filter>
    </None>
  </ItemGroup>
  <ItemGroup>
    <Library Include="..\..\output\x86\lib\Services.lib">
      <Filter>Lib Files</Filter>
    </Library>
    <Library Include="..\..\output\x86\lib\Services_dbg.lib">
      <Filter>Lib Files</Filter>
    </Library>
    <Library Include="..\..\output\x86\lib\Services_test.lib">
      <Filter>Lib Files</Filter>
    </Library>
  </ItemGroup>
</Project>