<?xml version="1.0" encoding="utf-8"?>
<Project ToolsVersion="4.0" xmlns="http://schemas.microsoft.com/developer/msbuild/2003">
  <ItemGroup>
    <Filter Include="Source Files">
      <UniqueIdentifier>{4FC737F1-C7A5-4376-A066-2A32D752A2FF}</UniqueIdentifier>
      <Extensions>cpp;c;cc;cxx;def;odl;idl;hpj;bat;asm;asmx</Extensions>
    </Filter>
    <Filter Include="Header Files">
      <UniqueIdentifier>{93995380-89BD-4b04-88EB-625FBE52EBFB}</UniqueIdentifier>
      <Extensions>h;hpp;hxx;hm;inl;inc;xsd</Extensions>
    </Filter>
    <Filter Include="Generated Files">
      <UniqueIdentifier>{71ED8ED8-ACB9-4CE9-BBE1-E00B30144E11}</UniqueIdentifier>
      <Extensions>moc;h;cpp</Extensions>
      <ParseFiles>true</ParseFiles>
    </Filter>
    <Filter Include="Generated Files\Release DLL">
      <UniqueIdentifier>{2ae45903-dce6-471a-a6c1-9a21e7d26309}</UniqueIdentifier>
      <Extensions>cpp;moc</Extensions>
      <SourceControlFiles>False</SourceControlFiles>
    </Filter>
    <Filter Include="Generated Files\Debug DLL">
      <UniqueIdentifier>{c14bbd1d-d13c-4aa1-a720-de8bab632331}</UniqueIdentifier>
      <Extensions>cpp;moc</Extensions>
      <SourceControlFiles>False</SourceControlFiles>
    </Filter>
    <Filter Include="Generated Files\Test DLL">
      <UniqueIdentifier>{4126bb93-a05b-4830-b8ee-67681cc2f175}</UniqueIdentifier>
      <Extensions>cpp;moc</Extensions>
      <SourceControlFiles>False</SourceControlFiles>
    </Filter>
    <Filter Include="Generated Files\Debug Standalone">
      <UniqueIdentifier>{9a9d5f04-96f8-4207-b83c-18a0a64f7890}</UniqueIdentifier>
      <Extensions>cpp;moc</Extensions>
      <SourceControlFiles>False</SourceControlFiles>
    </Filter>
    <Filter Include="Generated Files\Test Standalone">
      <UniqueIdentifier>{6958439c-34e0-4b82-a612-9e9ed4448939}</UniqueIdentifier>
      <Extensions>cpp;moc</Extensions>
      <SourceControlFiles>False</SourceControlFiles>
    </Filter>
    <Filter Include="Generated Files\Release Standalone">
      <UniqueIdentifier>{cfd0fe18-1003-449c-9ac1-581e2632a492}</UniqueIdentifier>
      <Extensions>cpp;moc</Extensions>
      <SourceControlFiles>False</SourceControlFiles>
    </Filter>
    <Filter Include="Form Files">
      <UniqueIdentifier>{99349809-55BA-4b9d-BF79-8FDBB0286EB3}</UniqueIdentifier>
      <Extensions>ui</Extensions>
      <ParseFiles>true</ParseFiles>
    </Filter>
  </ItemGroup>
  <ItemGroup>
    <ClCompile Include="Prec.cpp">
      <Filter>Source Files</Filter>
    </ClCompile>
    <ClCompile Include="..\..\Common\Assert.cpp">
      <Filter>Source Files</Filter>
    </ClCompile>
    <ClCompile Include="Version.cpp">
      <Filter>Source Files</Filter>
    </ClCompile>
    <ClCompile Include="Strategy.cpp">
      <Filter>Source Files</Filter>
    </ClCompile>
    <ClCompile Include="PositionController.cpp">
      <Filter>Source Files</Filter>
    </ClCompile>
    <ClCompile Include="Report.cpp">
      <Filter>Source Files</Filter>
    </ClCompile>
    <ClCompile Include="OrderPolicy.cpp">
      <Filter>Source Files</Filter>
    </ClCompile>
    <ClCompile Include="StrategyWindow.cpp">
      <Filter>Source Files</Filter>
    </ClCompile>
    <ClCompile Include="GeneratedFiles\Release DLL\moc_StrategyWindow.cpp">
      <Filter>Generated Files\Release DLL</Filter>
    </ClCompile>
    <ClCompile Include="GeneratedFiles\Debug DLL\moc_StrategyWindow.cpp">
      <Filter>Generated Files\Debug DLL</Filter>
    </ClCompile>
    <ClCompile Include="GeneratedFiles\Test DLL\moc_StrategyWindow.cpp">
      <Filter>Generated Files\Test DLL</Filter>
    </ClCompile>
    <ClCompile Include="GeneratedFiles\Debug Standalone\moc_StrategyWindow.cpp">
      <Filter>Generated Files\Debug Standalone</Filter>
    </ClCompile>
    <ClCompile Include="GeneratedFiles\Test Standalone\moc_StrategyWindow.cpp">
      <Filter>Generated Files\Test Standalone</Filter>
    </ClCompile>
    <ClCompile Include="GeneratedFiles\Release Standalone\moc_StrategyWindow.cpp">
      <Filter>Generated Files\Release Standalone</Filter>
    </ClCompile>
    <ClCompile Include="TargetTitleWidget.cpp">
      <Filter>Source Files</Filter>
    </ClCompile>
    <ClCompile Include="GeneratedFiles\Release DLL\moc_TargetTitleWidget.cpp">
      <Filter>Generated Files\Release DLL</Filter>
    </ClCompile>
    <ClCompile Include="GeneratedFiles\Debug DLL\moc_TargetTitleWidget.cpp">
      <Filter>Generated Files\Debug DLL</Filter>
    </ClCompile>
    <ClCompile Include="GeneratedFiles\Test DLL\moc_TargetTitleWidget.cpp">
      <Filter>Generated Files\Test DLL</Filter>
    </ClCompile>
    <ClCompile Include="GeneratedFiles\Debug Standalone\moc_TargetTitleWidget.cpp">
      <Filter>Generated Files\Debug Standalone</Filter>
    </ClCompile>
    <ClCompile Include="GeneratedFiles\Test Standalone\moc_TargetTitleWidget.cpp">
      <Filter>Generated Files\Test Standalone</Filter>
    </ClCompile>
    <ClCompile Include="GeneratedFiles\Release Standalone\moc_TargetTitleWidget.cpp">
      <Filter>Generated Files\Release Standalone</Filter>
    </ClCompile>
    <ClCompile Include="GeneratedFiles\Release DLL\moc_TargetActionsWidget.cpp">
      <Filter>Generated Files\Release DLL</Filter>
    </ClCompile>
    <ClCompile Include="GeneratedFiles\Debug DLL\moc_TargetActionsWidget.cpp">
      <Filter>Generated Files\Debug DLL</Filter>
    </ClCompile>
    <ClCompile Include="GeneratedFiles\Test DLL\moc_TargetActionsWidget.cpp">
      <Filter>Generated Files\Test DLL</Filter>
    </ClCompile>
    <ClCompile Include="GeneratedFiles\Debug Standalone\moc_TargetActionsWidget.cpp">
      <Filter>Generated Files\Debug Standalone</Filter>
    </ClCompile>
    <ClCompile Include="GeneratedFiles\Test Standalone\moc_TargetActionsWidget.cpp">
      <Filter>Generated Files\Test Standalone</Filter>
    </ClCompile>
    <ClCompile Include="GeneratedFiles\Release Standalone\moc_TargetActionsWidget.cpp">
      <Filter>Generated Files\Release Standalone</Filter>
    </ClCompile>
    <ClCompile Include="GeneratedFiles\Release DLL\moc_TargetSideWidget.cpp">
      <Filter>Generated Files\Release DLL</Filter>
    </ClCompile>
    <ClCompile Include="GeneratedFiles\Debug DLL\moc_TargetSideWidget.cpp">
      <Filter>Generated Files\Debug DLL</Filter>
    </ClCompile>
    <ClCompile Include="GeneratedFiles\Test DLL\moc_TargetSideWidget.cpp">
      <Filter>Generated Files\Test DLL</Filter>
    </ClCompile>
    <ClCompile Include="GeneratedFiles\Debug Standalone\moc_TargetSideWidget.cpp">
      <Filter>Generated Files\Debug Standalone</Filter>
    </ClCompile>
    <ClCompile Include="GeneratedFiles\Test Standalone\moc_TargetSideWidget.cpp">
      <Filter>Generated Files\Test Standalone</Filter>
    </ClCompile>
    <ClCompile Include="GeneratedFiles\Release Standalone\moc_TargetSideWidget.cpp">
      <Filter>Generated Files\Release Standalone</Filter>
    </ClCompile>
    <ClCompile Include="TargetSideWidget.cpp">
      <Filter>Source Files</Filter>
    </ClCompile>
    <ClCompile Include="TargetActionsWidget.cpp">
      <Filter>Source Files</Filter>
    </ClCompile>
    <ClCompile Include="Operation.cpp">
      <Filter>Source Files</Filter>
    </ClCompile>
    <ClCompile Include="Util.cpp">
      <Filter>Source Files</Filter>
    </ClCompile>
  </ItemGroup>
  <ItemGroup>
    <ClInclude Include="Prec.hpp">
      <Filter>Header Files</Filter>
    </ClInclude>
    <ClInclude Include="Fwd.hpp">
      <Filter>Header Files</Filter>
    </ClInclude>
    <ClInclude Include="Strategy.hpp">
      <Filter>Header Files</Filter>
    </ClInclude>
    <ClInclude Include="Advice.hpp">
      <Filter>Header Files</Filter>
    </ClInclude>
    <ClInclude Include="PositionController.hpp">
      <Filter>Header Files</Filter>
    </ClInclude>
    <ClInclude Include="Report.hpp">
      <Filter>Header Files</Filter>
    </ClInclude>
    <ClInclude Include="OrderPolicy.hpp">
      <Filter>Header Files</Filter>
    </ClInclude>
    <ClInclude Include="GeneratedFiles\ui_StrategyWindow.h">
      <Filter>Generated Files</Filter>
    </ClInclude>
    <ClInclude Include="GeneratedFiles\ui_TargetTitleWidget.h">
      <Filter>Generated Files</Filter>
    </ClInclude>
    <ClInclude Include="GeneratedFiles\ui_TargetActionsWidget.h">
      <Filter>Generated Files</Filter>
    </ClInclude>
    <ClInclude Include="GeneratedFiles\ui_TargetSideWidget.h">
      <Filter>Generated Files</Filter>
    </ClInclude>
    <ClInclude Include="Operation.hpp">
      <Filter>Header Files</Filter>
    </ClInclude>
    <ClInclude Include="Util.hpp">
      <Filter>Header Files</Filter>
    </ClInclude>
  </ItemGroup>
  <ItemGroup>
    <ResourceCompile Include="ArbitrationAdvisor.rc" />
  </ItemGroup>
  <ItemGroup>
    <None Include="ArbitrationAdvisor.def" />
  </ItemGroup>
  <ItemGroup>
    <CustomBuild Include="StrategyWindow.hpp">
      <Filter>Header Files</Filter>
    </CustomBuild>
    <CustomBuild Include="StrategyWindow.ui">
      <Filter>Form Files</Filter>
    </CustomBuild>
    <CustomBuild Include="TargetTitleWidget.ui">
      <Filter>Form Files</Filter>
    </CustomBuild>
    <CustomBuild Include="TargetTitleWidget.hpp">
      <Filter>Header Files</Filter>
    </CustomBuild>
    <CustomBuild Include="TargetActionsWidget.ui">
      <Filter>Form Files</Filter>
    </CustomBuild>
    <CustomBuild Include="TargetSideWidget.ui">
      <Filter>Form Files</Filter>
    </CustomBuild>
    <CustomBuild Include="TargetActionsWidget.hpp">
      <Filter>Header Files</Filter>
    </CustomBuild>
    <CustomBuild Include="TargetSideWidget.hpp">
      <Filter>Header Files</Filter>
    </CustomBuild>
  </ItemGroup>
</Project>