<?xml version="1.0" encoding="utf-8"?>
<Project ToolsVersion="4.0" xmlns="http://schemas.microsoft.com/developer/msbuild/2003">
  <ItemGroup>
    <Filter Include="Source Files">
      <UniqueIdentifier>{4FC737F1-C7A5-4376-A066-2A32D752A2FF}</UniqueIdentifier>
      <Extensions>cpp;c;cc;cxx;def;odl;idl;hpj;bat;asm;asmx</Extensions>
    </Filter>
    <Filter Include="Header Files">
      <UniqueIdentifier>{93995380-89BD-4b04-88EB-625FBE52EBFB}</UniqueIdentifier>
      <Extensions>h;hpp;hxx;hm;inl;inc;xsd</Extensions>
    </Filter>
    <Filter Include="Resource Files">
      <UniqueIdentifier>{67DA6AB6-F800-4c08-8B7A-83BB121AAD01}</UniqueIdentifier>
      <Extensions>rc;ico;cur;bmp;dlg;rc2;rct;bin;rgs;gif;jpg;jpeg;jpe;resx;tiff;tif;png;wav;mfcribbon-ms</Extensions>
    </Filter>
    <Filter Include="Lib Files">
      <UniqueIdentifier>{60a707d3-fdca-44ea-a4e8-17b68a6faad4}</UniqueIdentifier>
      <Extensions>lib</Extensions>
    </Filter>
  </ItemGroup>
  <ItemGroup>
    <ClCompile Include="Prec.cpp">
      <Filter>Source Files</Filter>
    </ClCompile>
    <ClCompile Include="..\..\Common\Assert.cpp">
      <Filter>Source Files</Filter>
    </ClCompile>
    <ClCompile Include="Version.cpp">
      <Filter>Source Files</Filter>
    </ClCompile>
    <ClCompile Include="EmaFuturesStrategy.cpp">
      <Filter>Source Files</Filter>
    </ClCompile>
    <ClCompile Include="EmaFuturesStrategyPosition.cpp">
      <Filter>Source Files</Filter>
    </ClCompile>
  </ItemGroup>
  <ItemGroup>
    <ResourceCompile Include="GadM.rc">
      <Filter>Resource Files</Filter>
    </ResourceCompile>
  </ItemGroup>
  <ItemGroup>
    <ClInclude Include="Api.h">
      <Filter>Header Files</Filter>
    </ClInclude>
    <ClInclude Include="Fwd.hpp">
      <Filter>Header Files</Filter>
    </ClInclude>
    <ClInclude Include="EmaFuturesStrategyPosition.hpp">
      <Filter>Header Files</Filter>
    </ClInclude>
    <ClInclude Include="Emas.hpp">
      <Filter>Header Files</Filter>
    </ClInclude>
    <ClInclude Include="Prec.hpp">
      <Filter>Header Files</Filter>
    </ClInclude>
  </ItemGroup>
  <ItemGroup>
    <None Include="GadM.def">
      <Filter>Header Files</Filter>
    </None>
  </ItemGroup>
  <ItemGroup>
    <Library Include="..\..\output\x64\lib\Release Standalone\Services.lib">
      <Filter>Lib Files</Filter>
    </Library>
    <Library Include="..\..\output\x86\lib\Release Standalone\Services.lib">
      <Filter>Lib Files</Filter>
    </Library>
    <Library Include="..\..\output\x86\lib\Release DLL\Services.lib">
      <Filter>Lib Files</Filter>
    </Library>
    <Library Include="..\..\output\x64\lib\Release DLL\Services.lib">
      <Filter>Lib Files</Filter>
    </Library>
    <Library Include="..\..\output\x86\lib\Debug Standalone\Services_dbg.lib">
      <Filter>Lib Files</Filter>
    </Library>
    <Library Include="..\..\output\x86\lib\Debug DLL\Services_dbg.lib">
      <Filter>Lib Files</Filter>
    </Library>
    <Library Include="..\..\output\x64\lib\Debug DLL\Services_dbg.lib">
      <Filter>Lib Files</Filter>
    </Library>
    <Library Include="..\..\output\x64\lib\Debug Standalone\Services_dbg.lib">
      <Filter>Lib Files</Filter>
    </Library>
    <Library Include="..\..\output\x64\lib\Test DLL\Services_test.lib">
      <Filter>Lib Files</Filter>
    </Library>
    <Library Include="..\..\output\x64\lib\Test Standalone\Services_test.lib">
      <Filter>Lib Files</Filter>
    </Library>
    <Library Include="..\..\output\x86\lib\Test Standalone\Services_test.lib">
      <Filter>Lib Files</Filter>
    </Library>
    <Library Include="..\..\output\x86\lib\Test DLL\Services_test.lib">
      <Filter>Lib Files</Filter>
    </Library>
  </ItemGroup>
</Project>